// !$*UTF8*$!
{
	archiveVersion = 1;
	classes = {
	};
	objectVersion = 46;
	objects = {

/* Begin PBXBuildFile section */
		6C0658CD1BB85B29003CAAE5 /* Info.plist in Resources */ = {isa = PBXBuildFile; fileRef = 6C0658CA1BB85B29003CAAE5 /* Info.plist */; };
		6C0658CE1BB85B29003CAAE5 /* main.m in Sources */ = {isa = PBXBuildFile; fileRef = 6C0658CC1BB85B29003CAAE5 /* main.m */; };
		6C0658D31BB85B34003CAAE5 /* AppDelegate.m in Sources */ = {isa = PBXBuildFile; fileRef = 6C0658D01BB85B34003CAAE5 /* AppDelegate.m */; };
		6C0658DA1BB85B46003CAAE5 /* LaunchScreen.xib in Resources */ = {isa = PBXBuildFile; fileRef = 6C0658D61BB85B46003CAAE5 /* LaunchScreen.xib */; };
		6C0658DB1BB85B46003CAAE5 /* Main.storyboard in Resources */ = {isa = PBXBuildFile; fileRef = 6C0658D81BB85B46003CAAE5 /* Main.storyboard */; };
		6C0658E51BB85B4F003CAAE5 /* BarDemoController.m in Sources */ = {isa = PBXBuildFile; fileRef = 6C0658DE1BB85B4F003CAAE5 /* BarDemoController.m */; };
		6C0658E61BB85B4F003CAAE5 /* BarDemoController.xib in Resources */ = {isa = PBXBuildFile; fileRef = 6C0658DF1BB85B4F003CAAE5 /* BarDemoController.xib */; };
		6C0658E71BB85B4F003CAAE5 /* LineDemoController.m in Sources */ = {isa = PBXBuildFile; fileRef = 6C0658E11BB85B4F003CAAE5 /* LineDemoController.m */; };
		6C0658E81BB85B4F003CAAE5 /* LineDemoController.xib in Resources */ = {isa = PBXBuildFile; fileRef = 6C0658E21BB85B4F003CAAE5 /* LineDemoController.xib */; };
		6C0658E91BB85B4F003CAAE5 /* ViewController.m in Sources */ = {isa = PBXBuildFile; fileRef = 6C0658E41BB85B4F003CAAE5 /* ViewController.m */; };
		6C08828E1C303F4400EA0D34 /* MapDemoController.m in Sources */ = {isa = PBXBuildFile; fileRef = 6C08828C1C303F4400EA0D34 /* MapDemoController.m */; };
		6C08828F1C303F4400EA0D34 /* MapDemoController.xib in Resources */ = {isa = PBXBuildFile; fileRef = 6C08828D1C303F4400EA0D34 /* MapDemoController.xib */; };
		6C2805A21C27BBF80076EAFB /* RadarDemoController.m in Sources */ = {isa = PBXBuildFile; fileRef = 6C2805A01C27BBF80076EAFB /* RadarDemoController.m */; };
		6C2805A31C27BBF80076EAFB /* RadarDemoController.xib in Resources */ = {isa = PBXBuildFile; fileRef = 6C2805A11C27BBF80076EAFB /* RadarDemoController.xib */; };
		6C34720D1BF470E600C16B73 /* (null) in Resources */ = {isa = PBXBuildFile; };
		6C4216961B98E310002D4B7A /* iOS_EchartsTests.m in Sources */ = {isa = PBXBuildFile; fileRef = 6C4216951B98E310002D4B7A /* iOS_EchartsTests.m */; };
		6C6011AB1CC144710048F6F6 /* OtherDemoController.m in Sources */ = {isa = PBXBuildFile; fileRef = 6C6011A91CC144710048F6F6 /* OtherDemoController.m */; };
		6C6011AC1CC144710048F6F6 /* OtherDemoController.xib in Resources */ = {isa = PBXBuildFile; fileRef = 6C6011AA1CC144710048F6F6 /* OtherDemoController.xib */; };
		6CB02A7E1BBEAC66002E1126 /* MainController.m in Sources */ = {isa = PBXBuildFile; fileRef = 6CB02A7D1BBEAC66002E1126 /* MainController.m */; };
		6CB02A821BBF7739002E1126 /* PieDemoController.m in Sources */ = {isa = PBXBuildFile; fileRef = 6CB02A801BBF7739002E1126 /* PieDemoController.m */; };
		6CB02A831BBF7739002E1126 /* PieDemoController.xib in Resources */ = {isa = PBXBuildFile; fileRef = 6CB02A811BBF7739002E1126 /* PieDemoController.xib */; };
		6CC8465D1BC15E4D00947312 /* NSObject+RMArchivable.m in Sources */ = {isa = PBXBuildFile; fileRef = 6CC846561BC15E4D00947312 /* NSObject+RMArchivable.m */; };
		6CC8465E1BC15E4D00947312 /* NSObject+RMCopyable.m in Sources */ = {isa = PBXBuildFile; fileRef = 6CC846581BC15E4D00947312 /* NSObject+RMCopyable.m */; };
		6CC8465F1BC15E4D00947312 /* NSUserDefaults+RMSaveCustomObject.m in Sources */ = {isa = PBXBuildFile; fileRef = 6CC8465A1BC15E4D00947312 /* NSUserDefaults+RMSaveCustomObject.m */; };
		6CC846601BC15E4D00947312 /* RMMapper.m in Sources */ = {isa = PBXBuildFile; fileRef = 6CC8465C1BC15E4D00947312 /* RMMapper.m */; };
		6CC846641BC1BEB000947312 /* iOS-Echarts.podspec in Resources */ = {isa = PBXBuildFile; fileRef = 6CC846631BC1BEB000947312 /* iOS-Echarts.podspec */; };
		6CF1AA2D1C02A32600F1B773 /* CandlestickDemoController.m in Sources */ = {isa = PBXBuildFile; fileRef = 6CF1AA2B1C02A32600F1B773 /* CandlestickDemoController.m */; };
		6CF1AA2E1C02A32600F1B773 /* CandlestickDemoController.xib in Resources */ = {isa = PBXBuildFile; fileRef = 6CF1AA2C1C02A32600F1B773 /* CandlestickDemoController.xib */; };
		6CF1AA321C02AF5600F1B773 /* ScatterDemoController.m in Sources */ = {isa = PBXBuildFile; fileRef = 6CF1AA301C02AF5600F1B773 /* ScatterDemoController.m */; };
		6CF1AA331C02AF5600F1B773 /* ScatterDemoController.xib in Resources */ = {isa = PBXBuildFile; fileRef = 6CF1AA311C02AF5600F1B773 /* ScatterDemoController.xib */; };
		6F4D58DB1D4FE34F00246943 /* PYAreaStyle.m in Sources */ = {isa = PBXBuildFile; fileRef = 6F4D586A1D4FE34F00246943 /* PYAreaStyle.m */; };
		6F4D58DC1D4FE34F00246943 /* PYAxis.m in Sources */ = {isa = PBXBuildFile; fileRef = 6F4D586C1D4FE34F00246943 /* PYAxis.m */; };
		6F4D58DD1D4FE34F00246943 /* PYAxisLabel.m in Sources */ = {isa = PBXBuildFile; fileRef = 6F4D586E1D4FE34F00246943 /* PYAxisLabel.m */; };
		6F4D58DE1D4FE34F00246943 /* PYAxisLine.m in Sources */ = {isa = PBXBuildFile; fileRef = 6F4D58701D4FE34F00246943 /* PYAxisLine.m */; };
		6F4D58DF1D4FE34F00246943 /* PYAxisPointer.m in Sources */ = {isa = PBXBuildFile; fileRef = 6F4D58721D4FE34F00246943 /* PYAxisPointer.m */; };
		6F4D58E01D4FE34F00246943 /* PYAxisTick.m in Sources */ = {isa = PBXBuildFile; fileRef = 6F4D58741D4FE34F00246943 /* PYAxisTick.m */; };
		6F4D58E11D4FE34F00246943 /* PYCategories.m in Sources */ = {isa = PBXBuildFile; fileRef = 6F4D58761D4FE34F00246943 /* PYCategories.m */; };
		6F4D58E21D4FE34F00246943 /* PYColor.m in Sources */ = {isa = PBXBuildFile; fileRef = 6F4D58781D4FE34F00246943 /* PYColor.m */; };
		6F4D58E31D4FE34F00246943 /* PYDataRange.m in Sources */ = {isa = PBXBuildFile; fileRef = 6F4D587A1D4FE34F00246943 /* PYDataRange.m */; };
		6F4D58E41D4FE34F00246943 /* PYDataZoom.m in Sources */ = {isa = PBXBuildFile; fileRef = 6F4D587C1D4FE34F00246943 /* PYDataZoom.m */; };
		6F4D58E51D4FE34F00246943 /* PYGrid.m in Sources */ = {isa = PBXBuildFile; fileRef = 6F4D587E1D4FE34F00246943 /* PYGrid.m */; };
		6F4D58E61D4FE34F00246943 /* PYItemStyle.m in Sources */ = {isa = PBXBuildFile; fileRef = 6F4D58801D4FE34F00246943 /* PYItemStyle.m */; };
		6F4D58E71D4FE34F00246943 /* PYItemStyleProp.m in Sources */ = {isa = PBXBuildFile; fileRef = 6F4D58821D4FE34F00246943 /* PYItemStyleProp.m */; };
		6F4D58EA1D4FE34F00246943 /* PYLegend.m in Sources */ = {isa = PBXBuildFile; fileRef = 6F4D58881D4FE34F00246943 /* PYLegend.m */; };
		6F4D58EB1D4FE34F00246943 /* PYLineStyle.m in Sources */ = {isa = PBXBuildFile; fileRef = 6F4D588A1D4FE34F00246943 /* PYLineStyle.m */; };
		6F4D58EC1D4FE34F00246943 /* PYLinks.m in Sources */ = {isa = PBXBuildFile; fileRef = 6F4D588C1D4FE34F00246943 /* PYLinks.m */; };
		6F4D58ED1D4FE34F00246943 /* PYLinkStyle.m in Sources */ = {isa = PBXBuildFile; fileRef = 6F4D588E1D4FE34F00246943 /* PYLinkStyle.m */; };
		6F4D58EE1D4FE34F00246943 /* PYLoadingOption.m in Sources */ = {isa = PBXBuildFile; fileRef = 6F4D58901D4FE34F00246943 /* PYLoadingOption.m */; };
		6F4D58EF1D4FE34F00246943 /* PYNoDataLoadingOption.m in Sources */ = {isa = PBXBuildFile; fileRef = 6F4D58921D4FE34F00246943 /* PYNoDataLoadingOption.m */; };
		6F4D58F01D4FE34F00246943 /* PYNodes.m in Sources */ = {isa = PBXBuildFile; fileRef = 6F4D58941D4FE34F00246943 /* PYNodes.m */; };
		6F4D58F11D4FE34F00246943 /* PYNodeStyle.m in Sources */ = {isa = PBXBuildFile; fileRef = 6F4D58961D4FE34F00246943 /* PYNodeStyle.m */; };
		6F4D58F21D4FE34F00246943 /* PYOption.m in Sources */ = {isa = PBXBuildFile; fileRef = 6F4D58981D4FE34F00246943 /* PYOption.m */; };
		6F4D58F31D4FE34F00246943 /* PYPolar.m in Sources */ = {isa = PBXBuildFile; fileRef = 6F4D589A1D4FE34F00246943 /* PYPolar.m */; };
		6F4D58F41D4FE34F00246943 /* PYRoamController.m in Sources */ = {isa = PBXBuildFile; fileRef = 6F4D589C1D4FE34F00246943 /* PYRoamController.m */; };
		6F4D58F51D4FE34F00246943 /* PYSplitArea.m in Sources */ = {isa = PBXBuildFile; fileRef = 6F4D589E1D4FE34F00246943 /* PYSplitArea.m */; };
		6F4D58F61D4FE34F00246943 /* PYSplitLine.m in Sources */ = {isa = PBXBuildFile; fileRef = 6F4D58A01D4FE34F00246943 /* PYSplitLine.m */; };
		6F4D58F71D4FE34F00246943 /* PYTextStyle.m in Sources */ = {isa = PBXBuildFile; fileRef = 6F4D58A21D4FE34F00246943 /* PYTextStyle.m */; };
		6F4D58F81D4FE34F00246943 /* PYTimeline.m in Sources */ = {isa = PBXBuildFile; fileRef = 6F4D58A41D4FE34F00246943 /* PYTimeline.m */; };
		6F4D58F91D4FE34F00246943 /* PYTitle.m in Sources */ = {isa = PBXBuildFile; fileRef = 6F4D58A61D4FE34F00246943 /* PYTitle.m */; };
		6F4D58FA1D4FE34F00246943 /* PYToolbox.m in Sources */ = {isa = PBXBuildFile; fileRef = 6F4D58A81D4FE34F00246943 /* PYToolbox.m */; };
		6F4D58FB1D4FE34F00246943 /* PYToolboxFeature.m in Sources */ = {isa = PBXBuildFile; fileRef = 6F4D58AA1D4FE34F00246943 /* PYToolboxFeature.m */; };
		6F4D58FC1D4FE34F00246943 /* PYTooltip.m in Sources */ = {isa = PBXBuildFile; fileRef = 6F4D58AC1D4FE34F00246943 /* PYTooltip.m */; };
		6F4D58FD1D4FE34F00246943 /* PYCartesianSeries.m in Sources */ = {isa = PBXBuildFile; fileRef = 6F4D58AF1D4FE34F00246943 /* PYCartesianSeries.m */; };
		6F4D58FE1D4FE34F00246943 /* PYEventRiverSeries.m in Sources */ = {isa = PBXBuildFile; fileRef = 6F4D58B11D4FE34F00246943 /* PYEventRiverSeries.m */; };
		6F4D58FF1D4FE34F00246943 /* PYForceSeries.m in Sources */ = {isa = PBXBuildFile; fileRef = 6F4D58B31D4FE34F00246943 /* PYForceSeries.m */; };
		6F4D59001D4FE34F00246943 /* PYFunnelSeries.m in Sources */ = {isa = PBXBuildFile; fileRef = 6F4D58B51D4FE34F00246943 /* PYFunnelSeries.m */; };
		6F4D59011D4FE34F00246943 /* PYGaugeSeries.m in Sources */ = {isa = PBXBuildFile; fileRef = 6F4D58B71D4FE34F00246943 /* PYGaugeSeries.m */; };
		6F4D59021D4FE34F00246943 /* PYHeatmapSeries.m in Sources */ = {isa = PBXBuildFile; fileRef = 6F4D58B91D4FE34F00246943 /* PYHeatmapSeries.m */; };
		6F4D59031D4FE34F00246943 /* PYMapSeries.m in Sources */ = {isa = PBXBuildFile; fileRef = 6F4D58BB1D4FE34F00246943 /* PYMapSeries.m */; };
		6F4D59041D4FE34F00246943 /* PYMarkLine.m in Sources */ = {isa = PBXBuildFile; fileRef = 6F4D58BD1D4FE34F00246943 /* PYMarkLine.m */; };
		6F4D59051D4FE34F00246943 /* PYMarkPoint.m in Sources */ = {isa = PBXBuildFile; fileRef = 6F4D58BF1D4FE34F00246943 /* PYMarkPoint.m */; };
		6F4D59061D4FE34F00246943 /* PYPieSeries.m in Sources */ = {isa = PBXBuildFile; fileRef = 6F4D58C11D4FE34F00246943 /* PYPieSeries.m */; };
		6F4D59071D4FE34F00246943 /* PYRadarSeries.m in Sources */ = {isa = PBXBuildFile; fileRef = 6F4D58C31D4FE34F00246943 /* PYRadarSeries.m */; };
		6F4D59081D4FE34F00246943 /* PYSeries.m in Sources */ = {isa = PBXBuildFile; fileRef = 6F4D58C51D4FE34F00246943 /* PYSeries.m */; };
		6F4D59091D4FE34F00246943 /* PYTreeMapSeries.m in Sources */ = {isa = PBXBuildFile; fileRef = 6F4D58C71D4FE34F00246943 /* PYTreeMapSeries.m */; };
		6F4D590A1D4FE34F00246943 /* PYTreeSeries.m in Sources */ = {isa = PBXBuildFile; fileRef = 6F4D58C91D4FE34F00246943 /* PYTreeSeries.m */; };
		6F4D590B1D4FE34F00246943 /* PYVennSeries.m in Sources */ = {isa = PBXBuildFile; fileRef = 6F4D58CB1D4FE34F00246943 /* PYVennSeries.m */; };
		6F4D590C1D4FE34F00246943 /* PYWordCloudSeries.m in Sources */ = {isa = PBXBuildFile; fileRef = 6F4D58CD1D4FE34F00246943 /* PYWordCloudSeries.m */; };
		6F4D590D1D4FE34F00246943 /* echarts.html in Resources */ = {isa = PBXBuildFile; fileRef = 6F4D58CF1D4FE34F00246943 /* echarts.html */; };
		6F4D590F1D4FE34F00246943 /* PYJsonUtil.m in Sources */ = {isa = PBXBuildFile; fileRef = 6F4D58D41D4FE34F00246943 /* PYJsonUtil.m */; };
		6F4D59101D4FE34F00246943 /* PYEchartsView.m in Sources */ = {isa = PBXBuildFile; fileRef = 6F4D58D71D4FE34F00246943 /* PYEchartsView.m */; };
		6F4D59111D4FE34F00246943 /* PYZoomEchartsView.m in Sources */ = {isa = PBXBuildFile; fileRef = 6F4D58D91D4FE34F00246943 /* PYZoomEchartsView.m */; };
		6F7352BD1D50A779006CD119 /* js in Resources */ = {isa = PBXBuildFile; fileRef = 6F7352BC1D50A779006CD119 /* js */; };
		6F8A3EFF1D49AFA5008268BD /* MultiEchartsController.m in Sources */ = {isa = PBXBuildFile; fileRef = 6F8A3EFD1D49AFA5008268BD /* MultiEchartsController.m */; };
		6F8A3F001D49AFA5008268BD /* MultiEchartsController.xib in Resources */ = {isa = PBXBuildFile; fileRef = 6F8A3EFE1D49AFA5008268BD /* MultiEchartsController.xib */; };
		6F8A3F051D49B598008268BD /* EchartsViewCell.m in Sources */ = {isa = PBXBuildFile; fileRef = 6F8A3F031D49B598008268BD /* EchartsViewCell.m */; };
		6F8A3F061D49B598008268BD /* EchartsViewCell.xib in Resources */ = {isa = PBXBuildFile; fileRef = 6F8A3F041D49B598008268BD /* EchartsViewCell.xib */; };
		6F9391AD1D42414800CD54FC /* ForceDemoController.m in Sources */ = {isa = PBXBuildFile; fileRef = 6F9391AB1D42414800CD54FC /* ForceDemoController.m */; };
		6F9391AE1D42414800CD54FC /* ForceDemoController.xib in Resources */ = {isa = PBXBuildFile; fileRef = 6F9391AC1D42414800CD54FC /* ForceDemoController.xib */; };
		6FC0911B1D5A464200D52879 /* WordCloudDemoController.m in Sources */ = {isa = PBXBuildFile; fileRef = 6FC091191D5A464200D52879 /* WordCloudDemoController.m */; };
		6FC0911C1D5A464200D52879 /* WordCloudDemoController.xib in Resources */ = {isa = PBXBuildFile; fileRef = 6FC0911A1D5A464200D52879 /* WordCloudDemoController.xib */; };
		6FEFF6EB1D56448300E8B77E /* NSObject+PYObject.m in Sources */ = {isa = PBXBuildFile; fileRef = 6FEFF6EA1D56448300E8B77E /* NSObject+PYObject.m */; };
		6FEFF6F01D564D5C00E8B77E /* PYChordStyle.m in Sources */ = {isa = PBXBuildFile; fileRef = 6FEFF6EF1D564D5C00E8B77E /* PYChordStyle.m */; };
/* End PBXBuildFile section */

/* Begin PBXContainerItemProxy section */
		6C4216901B98E310002D4B7A /* PBXContainerItemProxy */ = {
			isa = PBXContainerItemProxy;
			containerPortal = 6C42166E1B98E310002D4B7A /* Project object */;
			proxyType = 1;
			remoteGlobalIDString = 6C4216751B98E310002D4B7A;
			remoteInfo = "iOS-Echarts";
		};
/* End PBXContainerItemProxy section */

/* Begin PBXFileReference section */
		6C0658CA1BB85B29003CAAE5 /* Info.plist */ = {isa = PBXFileReference; fileEncoding = 4; lastKnownFileType = text.plist.xml; name = Info.plist; path = "iOS-Echarts_Demo/Info.plist"; sourceTree = SOURCE_ROOT; };
		6C0658CB1BB85B29003CAAE5 /* iOS-Echarts-PrefixHeader.pch */ = {isa = PBXFileReference; fileEncoding = 4; lastKnownFileType = sourcecode.c.h; name = "iOS-Echarts-PrefixHeader.pch"; path = "iOS-Echarts_Demo/iOS-Echarts-PrefixHeader.pch"; sourceTree = SOURCE_ROOT; };
		6C0658CC1BB85B29003CAAE5 /* main.m */ = {isa = PBXFileReference; fileEncoding = 4; lastKnownFileType = sourcecode.c.objc; name = main.m; path = "iOS-Echarts_Demo/main.m"; sourceTree = SOURCE_ROOT; };
		6C0658CF1BB85B34003CAAE5 /* AppDelegate.h */ = {isa = PBXFileReference; fileEncoding = 4; lastKnownFileType = sourcecode.c.h; name = AppDelegate.h; path = "iOS-Echarts_Demo/AppDelegate.h"; sourceTree = "<group>"; };
		6C0658D01BB85B34003CAAE5 /* AppDelegate.m */ = {isa = PBXFileReference; fileEncoding = 4; lastKnownFileType = sourcecode.c.objc; name = AppDelegate.m; path = "iOS-Echarts_Demo/AppDelegate.m"; sourceTree = "<group>"; };
		6C0658D71BB85B46003CAAE5 /* Base */ = {isa = PBXFileReference; lastKnownFileType = file.xib; name = Base; path = "iOS-Echarts_Demo/Base.lproj/LaunchScreen.xib"; sourceTree = "<group>"; };
		6C0658D91BB85B46003CAAE5 /* Base */ = {isa = PBXFileReference; lastKnownFileType = file.storyboard; name = Base; path = "iOS-Echarts_Demo/Base.lproj/Main.storyboard"; sourceTree = "<group>"; };
		6C0658DD1BB85B4F003CAAE5 /* BarDemoController.h */ = {isa = PBXFileReference; fileEncoding = 4; lastKnownFileType = sourcecode.c.h; path = BarDemoController.h; sourceTree = "<group>"; };
		6C0658DE1BB85B4F003CAAE5 /* BarDemoController.m */ = {isa = PBXFileReference; fileEncoding = 4; lastKnownFileType = sourcecode.c.objc; path = BarDemoController.m; sourceTree = "<group>"; };
		6C0658DF1BB85B4F003CAAE5 /* BarDemoController.xib */ = {isa = PBXFileReference; fileEncoding = 4; lastKnownFileType = file.xib; path = BarDemoController.xib; sourceTree = "<group>"; };
		6C0658E01BB85B4F003CAAE5 /* LineDemoController.h */ = {isa = PBXFileReference; fileEncoding = 4; lastKnownFileType = sourcecode.c.h; path = LineDemoController.h; sourceTree = "<group>"; };
		6C0658E11BB85B4F003CAAE5 /* LineDemoController.m */ = {isa = PBXFileReference; fileEncoding = 4; lastKnownFileType = sourcecode.c.objc; path = LineDemoController.m; sourceTree = "<group>"; };
		6C0658E21BB85B4F003CAAE5 /* LineDemoController.xib */ = {isa = PBXFileReference; fileEncoding = 4; lastKnownFileType = file.xib; path = LineDemoController.xib; sourceTree = "<group>"; };
		6C0658E31BB85B4F003CAAE5 /* ViewController.h */ = {isa = PBXFileReference; fileEncoding = 4; lastKnownFileType = sourcecode.c.h; path = ViewController.h; sourceTree = "<group>"; };
		6C0658E41BB85B4F003CAAE5 /* ViewController.m */ = {isa = PBXFileReference; fileEncoding = 4; lastKnownFileType = sourcecode.c.objc; path = ViewController.m; sourceTree = "<group>"; };
		6C08828B1C303F4400EA0D34 /* MapDemoController.h */ = {isa = PBXFileReference; fileEncoding = 4; lastKnownFileType = sourcecode.c.h; path = MapDemoController.h; sourceTree = "<group>"; };
		6C08828C1C303F4400EA0D34 /* MapDemoController.m */ = {isa = PBXFileReference; fileEncoding = 4; lastKnownFileType = sourcecode.c.objc; path = MapDemoController.m; sourceTree = "<group>"; };
		6C08828D1C303F4400EA0D34 /* MapDemoController.xib */ = {isa = PBXFileReference; fileEncoding = 4; lastKnownFileType = file.xib; path = MapDemoController.xib; sourceTree = "<group>"; };
		6C28059F1C27BBF80076EAFB /* RadarDemoController.h */ = {isa = PBXFileReference; fileEncoding = 4; lastKnownFileType = sourcecode.c.h; path = RadarDemoController.h; sourceTree = "<group>"; };
		6C2805A01C27BBF80076EAFB /* RadarDemoController.m */ = {isa = PBXFileReference; fileEncoding = 4; lastKnownFileType = sourcecode.c.objc; path = RadarDemoController.m; sourceTree = "<group>"; };
		6C2805A11C27BBF80076EAFB /* RadarDemoController.xib */ = {isa = PBXFileReference; fileEncoding = 4; lastKnownFileType = file.xib; path = RadarDemoController.xib; sourceTree = "<group>"; };
		6C4216761B98E310002D4B7A /* iOS-Echarts.app */ = {isa = PBXFileReference; explicitFileType = wrapper.application; includeInIndex = 0; path = "iOS-Echarts.app"; sourceTree = BUILT_PRODUCTS_DIR; };
		6C42168F1B98E310002D4B7A /* iOS-EchartsTests.xctest */ = {isa = PBXFileReference; explicitFileType = wrapper.cfbundle; includeInIndex = 0; path = "iOS-EchartsTests.xctest"; sourceTree = BUILT_PRODUCTS_DIR; };
		6C4216941B98E310002D4B7A /* Info.plist */ = {isa = PBXFileReference; lastKnownFileType = text.plist.xml; path = Info.plist; sourceTree = "<group>"; };
		6C4216951B98E310002D4B7A /* iOS_EchartsTests.m */ = {isa = PBXFileReference; lastKnownFileType = sourcecode.c.objc; path = iOS_EchartsTests.m; sourceTree = "<group>"; };
		6C6011A81CC144710048F6F6 /* OtherDemoController.h */ = {isa = PBXFileReference; fileEncoding = 4; lastKnownFileType = sourcecode.c.h; path = OtherDemoController.h; sourceTree = "<group>"; };
		6C6011A91CC144710048F6F6 /* OtherDemoController.m */ = {isa = PBXFileReference; fileEncoding = 4; lastKnownFileType = sourcecode.c.objc; path = OtherDemoController.m; sourceTree = "<group>"; };
		6C6011AA1CC144710048F6F6 /* OtherDemoController.xib */ = {isa = PBXFileReference; fileEncoding = 4; lastKnownFileType = file.xib; path = OtherDemoController.xib; sourceTree = "<group>"; };
		6CB02A7C1BBEAC66002E1126 /* MainController.h */ = {isa = PBXFileReference; fileEncoding = 4; lastKnownFileType = sourcecode.c.h; path = MainController.h; sourceTree = "<group>"; };
		6CB02A7D1BBEAC66002E1126 /* MainController.m */ = {isa = PBXFileReference; fileEncoding = 4; lastKnownFileType = sourcecode.c.objc; path = MainController.m; sourceTree = "<group>"; };
		6CB02A7F1BBF7739002E1126 /* PieDemoController.h */ = {isa = PBXFileReference; fileEncoding = 4; lastKnownFileType = sourcecode.c.h; path = PieDemoController.h; sourceTree = "<group>"; };
		6CB02A801BBF7739002E1126 /* PieDemoController.m */ = {isa = PBXFileReference; fileEncoding = 4; lastKnownFileType = sourcecode.c.objc; path = PieDemoController.m; sourceTree = "<group>"; };
		6CB02A811BBF7739002E1126 /* PieDemoController.xib */ = {isa = PBXFileReference; fileEncoding = 4; lastKnownFileType = file.xib; path = PieDemoController.xib; sourceTree = "<group>"; };
		6CC846551BC15E4D00947312 /* NSObject+RMArchivable.h */ = {isa = PBXFileReference; fileEncoding = 4; lastKnownFileType = sourcecode.c.h; path = "NSObject+RMArchivable.h"; sourceTree = "<group>"; };
		6CC846561BC15E4D00947312 /* NSObject+RMArchivable.m */ = {isa = PBXFileReference; fileEncoding = 4; lastKnownFileType = sourcecode.c.objc; path = "NSObject+RMArchivable.m"; sourceTree = "<group>"; };
		6CC846571BC15E4D00947312 /* NSObject+RMCopyable.h */ = {isa = PBXFileReference; fileEncoding = 4; lastKnownFileType = sourcecode.c.h; path = "NSObject+RMCopyable.h"; sourceTree = "<group>"; };
		6CC846581BC15E4D00947312 /* NSObject+RMCopyable.m */ = {isa = PBXFileReference; fileEncoding = 4; lastKnownFileType = sourcecode.c.objc; path = "NSObject+RMCopyable.m"; sourceTree = "<group>"; };
		6CC846591BC15E4D00947312 /* NSUserDefaults+RMSaveCustomObject.h */ = {isa = PBXFileReference; fileEncoding = 4; lastKnownFileType = sourcecode.c.h; path = "NSUserDefaults+RMSaveCustomObject.h"; sourceTree = "<group>"; };
		6CC8465A1BC15E4D00947312 /* NSUserDefaults+RMSaveCustomObject.m */ = {isa = PBXFileReference; fileEncoding = 4; lastKnownFileType = sourcecode.c.objc; path = "NSUserDefaults+RMSaveCustomObject.m"; sourceTree = "<group>"; };
		6CC8465B1BC15E4D00947312 /* RMMapper.h */ = {isa = PBXFileReference; fileEncoding = 4; lastKnownFileType = sourcecode.c.h; path = RMMapper.h; sourceTree = "<group>"; };
		6CC8465C1BC15E4D00947312 /* RMMapper.m */ = {isa = PBXFileReference; fileEncoding = 4; lastKnownFileType = sourcecode.c.objc; path = RMMapper.m; sourceTree = "<group>"; };
		6CC846631BC1BEB000947312 /* iOS-Echarts.podspec */ = {isa = PBXFileReference; fileEncoding = 4; lastKnownFileType = text; path = "iOS-Echarts.podspec"; sourceTree = "<group>"; };
		6CF1AA2A1C02A32600F1B773 /* CandlestickDemoController.h */ = {isa = PBXFileReference; fileEncoding = 4; lastKnownFileType = sourcecode.c.h; path = CandlestickDemoController.h; sourceTree = "<group>"; };
		6CF1AA2B1C02A32600F1B773 /* CandlestickDemoController.m */ = {isa = PBXFileReference; fileEncoding = 4; lastKnownFileType = sourcecode.c.objc; path = CandlestickDemoController.m; sourceTree = "<group>"; };
		6CF1AA2C1C02A32600F1B773 /* CandlestickDemoController.xib */ = {isa = PBXFileReference; fileEncoding = 4; lastKnownFileType = file.xib; path = CandlestickDemoController.xib; sourceTree = "<group>"; };
		6CF1AA2F1C02AF5600F1B773 /* ScatterDemoController.h */ = {isa = PBXFileReference; fileEncoding = 4; lastKnownFileType = sourcecode.c.h; path = ScatterDemoController.h; sourceTree = "<group>"; };
		6CF1AA301C02AF5600F1B773 /* ScatterDemoController.m */ = {isa = PBXFileReference; fileEncoding = 4; lastKnownFileType = sourcecode.c.objc; path = ScatterDemoController.m; sourceTree = "<group>"; };
		6CF1AA311C02AF5600F1B773 /* ScatterDemoController.xib */ = {isa = PBXFileReference; fileEncoding = 4; lastKnownFileType = file.xib; path = ScatterDemoController.xib; sourceTree = "<group>"; };
		6F4D58651D4FE34F00246943 /* iOS-Echarts.h */ = {isa = PBXFileReference; fileEncoding = 4; lastKnownFileType = sourcecode.c.h; path = "iOS-Echarts.h"; sourceTree = "<group>"; };
		6F4D58691D4FE34F00246943 /* PYAreaStyle.h */ = {isa = PBXFileReference; fileEncoding = 4; lastKnownFileType = sourcecode.c.h; path = PYAreaStyle.h; sourceTree = "<group>"; };
		6F4D586A1D4FE34F00246943 /* PYAreaStyle.m */ = {isa = PBXFileReference; fileEncoding = 4; lastKnownFileType = sourcecode.c.objc; path = PYAreaStyle.m; sourceTree = "<group>"; };
		6F4D586B1D4FE34F00246943 /* PYAxis.h */ = {isa = PBXFileReference; fileEncoding = 4; lastKnownFileType = sourcecode.c.h; path = PYAxis.h; sourceTree = "<group>"; };
		6F4D586C1D4FE34F00246943 /* PYAxis.m */ = {isa = PBXFileReference; fileEncoding = 4; lastKnownFileType = sourcecode.c.objc; path = PYAxis.m; sourceTree = "<group>"; };
		6F4D586D1D4FE34F00246943 /* PYAxisLabel.h */ = {isa = PBXFileReference; fileEncoding = 4; lastKnownFileType = sourcecode.c.h; path = PYAxisLabel.h; sourceTree = "<group>"; };
		6F4D586E1D4FE34F00246943 /* PYAxisLabel.m */ = {isa = PBXFileReference; fileEncoding = 4; lastKnownFileType = sourcecode.c.objc; path = PYAxisLabel.m; sourceTree = "<group>"; };
		6F4D586F1D4FE34F00246943 /* PYAxisLine.h */ = {isa = PBXFileReference; fileEncoding = 4; lastKnownFileType = sourcecode.c.h; path = PYAxisLine.h; sourceTree = "<group>"; };
		6F4D58701D4FE34F00246943 /* PYAxisLine.m */ = {isa = PBXFileReference; fileEncoding = 4; lastKnownFileType = sourcecode.c.objc; path = PYAxisLine.m; sourceTree = "<group>"; };
		6F4D58711D4FE34F00246943 /* PYAxisPointer.h */ = {isa = PBXFileReference; fileEncoding = 4; lastKnownFileType = sourcecode.c.h; path = PYAxisPointer.h; sourceTree = "<group>"; };
		6F4D58721D4FE34F00246943 /* PYAxisPointer.m */ = {isa = PBXFileReference; fileEncoding = 4; lastKnownFileType = sourcecode.c.objc; path = PYAxisPointer.m; sourceTree = "<group>"; };
		6F4D58731D4FE34F00246943 /* PYAxisTick.h */ = {isa = PBXFileReference; fileEncoding = 4; lastKnownFileType = sourcecode.c.h; path = PYAxisTick.h; sourceTree = "<group>"; };
		6F4D58741D4FE34F00246943 /* PYAxisTick.m */ = {isa = PBXFileReference; fileEncoding = 4; lastKnownFileType = sourcecode.c.objc; path = PYAxisTick.m; sourceTree = "<group>"; };
		6F4D58751D4FE34F00246943 /* PYCategories.h */ = {isa = PBXFileReference; fileEncoding = 4; lastKnownFileType = sourcecode.c.h; path = PYCategories.h; sourceTree = "<group>"; };
		6F4D58761D4FE34F00246943 /* PYCategories.m */ = {isa = PBXFileReference; fileEncoding = 4; lastKnownFileType = sourcecode.c.objc; path = PYCategories.m; sourceTree = "<group>"; };
		6F4D58771D4FE34F00246943 /* PYColor.h */ = {isa = PBXFileReference; fileEncoding = 4; lastKnownFileType = sourcecode.c.h; path = PYColor.h; sourceTree = "<group>"; };
		6F4D58781D4FE34F00246943 /* PYColor.m */ = {isa = PBXFileReference; fileEncoding = 4; lastKnownFileType = sourcecode.c.objc; path = PYColor.m; sourceTree = "<group>"; };
		6F4D58791D4FE34F00246943 /* PYDataRange.h */ = {isa = PBXFileReference; fileEncoding = 4; lastKnownFileType = sourcecode.c.h; path = PYDataRange.h; sourceTree = "<group>"; };
		6F4D587A1D4FE34F00246943 /* PYDataRange.m */ = {isa = PBXFileReference; fileEncoding = 4; lastKnownFileType = sourcecode.c.objc; path = PYDataRange.m; sourceTree = "<group>"; };
		6F4D587B1D4FE34F00246943 /* PYDataZoom.h */ = {isa = PBXFileReference; fileEncoding = 4; lastKnownFileType = sourcecode.c.h; path = PYDataZoom.h; sourceTree = "<group>"; };
		6F4D587C1D4FE34F00246943 /* PYDataZoom.m */ = {isa = PBXFileReference; fileEncoding = 4; lastKnownFileType = sourcecode.c.objc; path = PYDataZoom.m; sourceTree = "<group>"; };
		6F4D587D1D4FE34F00246943 /* PYGrid.h */ = {isa = PBXFileReference; fileEncoding = 4; lastKnownFileType = sourcecode.c.h; path = PYGrid.h; sourceTree = "<group>"; };
		6F4D587E1D4FE34F00246943 /* PYGrid.m */ = {isa = PBXFileReference; fileEncoding = 4; lastKnownFileType = sourcecode.c.objc; path = PYGrid.m; sourceTree = "<group>"; };
		6F4D587F1D4FE34F00246943 /* PYItemStyle.h */ = {isa = PBXFileReference; fileEncoding = 4; lastKnownFileType = sourcecode.c.h; path = PYItemStyle.h; sourceTree = "<group>"; };
		6F4D58801D4FE34F00246943 /* PYItemStyle.m */ = {isa = PBXFileReference; fileEncoding = 4; lastKnownFileType = sourcecode.c.objc; path = PYItemStyle.m; sourceTree = "<group>"; };
		6F4D58811D4FE34F00246943 /* PYItemStyleProp.h */ = {isa = PBXFileReference; fileEncoding = 4; lastKnownFileType = sourcecode.c.h; path = PYItemStyleProp.h; sourceTree = "<group>"; };
		6F4D58821D4FE34F00246943 /* PYItemStyleProp.m */ = {isa = PBXFileReference; fileEncoding = 4; lastKnownFileType = sourcecode.c.objc; path = PYItemStyleProp.m; sourceTree = "<group>"; };
		6F4D58871D4FE34F00246943 /* PYLegend.h */ = {isa = PBXFileReference; fileEncoding = 4; lastKnownFileType = sourcecode.c.h; path = PYLegend.h; sourceTree = "<group>"; };
		6F4D58881D4FE34F00246943 /* PYLegend.m */ = {isa = PBXFileReference; fileEncoding = 4; lastKnownFileType = sourcecode.c.objc; path = PYLegend.m; sourceTree = "<group>"; };
		6F4D58891D4FE34F00246943 /* PYLineStyle.h */ = {isa = PBXFileReference; fileEncoding = 4; lastKnownFileType = sourcecode.c.h; path = PYLineStyle.h; sourceTree = "<group>"; };
		6F4D588A1D4FE34F00246943 /* PYLineStyle.m */ = {isa = PBXFileReference; fileEncoding = 4; lastKnownFileType = sourcecode.c.objc; path = PYLineStyle.m; sourceTree = "<group>"; };
		6F4D588B1D4FE34F00246943 /* PYLinks.h */ = {isa = PBXFileReference; fileEncoding = 4; lastKnownFileType = sourcecode.c.h; path = PYLinks.h; sourceTree = "<group>"; };
		6F4D588C1D4FE34F00246943 /* PYLinks.m */ = {isa = PBXFileReference; fileEncoding = 4; lastKnownFileType = sourcecode.c.objc; path = PYLinks.m; sourceTree = "<group>"; };
		6F4D588D1D4FE34F00246943 /* PYLinkStyle.h */ = {isa = PBXFileReference; fileEncoding = 4; lastKnownFileType = sourcecode.c.h; path = PYLinkStyle.h; sourceTree = "<group>"; };
		6F4D588E1D4FE34F00246943 /* PYLinkStyle.m */ = {isa = PBXFileReference; fileEncoding = 4; lastKnownFileType = sourcecode.c.objc; path = PYLinkStyle.m; sourceTree = "<group>"; };
		6F4D588F1D4FE34F00246943 /* PYLoadingOption.h */ = {isa = PBXFileReference; fileEncoding = 4; lastKnownFileType = sourcecode.c.h; path = PYLoadingOption.h; sourceTree = "<group>"; };
		6F4D58901D4FE34F00246943 /* PYLoadingOption.m */ = {isa = PBXFileReference; fileEncoding = 4; lastKnownFileType = sourcecode.c.objc; path = PYLoadingOption.m; sourceTree = "<group>"; };
		6F4D58911D4FE34F00246943 /* PYNoDataLoadingOption.h */ = {isa = PBXFileReference; fileEncoding = 4; lastKnownFileType = sourcecode.c.h; path = PYNoDataLoadingOption.h; sourceTree = "<group>"; };
		6F4D58921D4FE34F00246943 /* PYNoDataLoadingOption.m */ = {isa = PBXFileReference; fileEncoding = 4; lastKnownFileType = sourcecode.c.objc; path = PYNoDataLoadingOption.m; sourceTree = "<group>"; };
		6F4D58931D4FE34F00246943 /* PYNodes.h */ = {isa = PBXFileReference; fileEncoding = 4; lastKnownFileType = sourcecode.c.h; path = PYNodes.h; sourceTree = "<group>"; };
		6F4D58941D4FE34F00246943 /* PYNodes.m */ = {isa = PBXFileReference; fileEncoding = 4; lastKnownFileType = sourcecode.c.objc; path = PYNodes.m; sourceTree = "<group>"; };
		6F4D58951D4FE34F00246943 /* PYNodeStyle.h */ = {isa = PBXFileReference; fileEncoding = 4; lastKnownFileType = sourcecode.c.h; path = PYNodeStyle.h; sourceTree = "<group>"; };
		6F4D58961D4FE34F00246943 /* PYNodeStyle.m */ = {isa = PBXFileReference; fileEncoding = 4; lastKnownFileType = sourcecode.c.objc; path = PYNodeStyle.m; sourceTree = "<group>"; };
		6F4D58971D4FE34F00246943 /* PYOption.h */ = {isa = PBXFileReference; fileEncoding = 4; lastKnownFileType = sourcecode.c.h; path = PYOption.h; sourceTree = "<group>"; };
		6F4D58981D4FE34F00246943 /* PYOption.m */ = {isa = PBXFileReference; fileEncoding = 4; lastKnownFileType = sourcecode.c.objc; path = PYOption.m; sourceTree = "<group>"; };
		6F4D58991D4FE34F00246943 /* PYPolar.h */ = {isa = PBXFileReference; fileEncoding = 4; lastKnownFileType = sourcecode.c.h; path = PYPolar.h; sourceTree = "<group>"; };
		6F4D589A1D4FE34F00246943 /* PYPolar.m */ = {isa = PBXFileReference; fileEncoding = 4; lastKnownFileType = sourcecode.c.objc; path = PYPolar.m; sourceTree = "<group>"; };
		6F4D589B1D4FE34F00246943 /* PYRoamController.h */ = {isa = PBXFileReference; fileEncoding = 4; lastKnownFileType = sourcecode.c.h; path = PYRoamController.h; sourceTree = "<group>"; };
		6F4D589C1D4FE34F00246943 /* PYRoamController.m */ = {isa = PBXFileReference; fileEncoding = 4; lastKnownFileType = sourcecode.c.objc; path = PYRoamController.m; sourceTree = "<group>"; };
		6F4D589D1D4FE34F00246943 /* PYSplitArea.h */ = {isa = PBXFileReference; fileEncoding = 4; lastKnownFileType = sourcecode.c.h; path = PYSplitArea.h; sourceTree = "<group>"; };
		6F4D589E1D4FE34F00246943 /* PYSplitArea.m */ = {isa = PBXFileReference; fileEncoding = 4; lastKnownFileType = sourcecode.c.objc; path = PYSplitArea.m; sourceTree = "<group>"; };
		6F4D589F1D4FE34F00246943 /* PYSplitLine.h */ = {isa = PBXFileReference; fileEncoding = 4; lastKnownFileType = sourcecode.c.h; path = PYSplitLine.h; sourceTree = "<group>"; };
		6F4D58A01D4FE34F00246943 /* PYSplitLine.m */ = {isa = PBXFileReference; fileEncoding = 4; lastKnownFileType = sourcecode.c.objc; path = PYSplitLine.m; sourceTree = "<group>"; };
		6F4D58A11D4FE34F00246943 /* PYTextStyle.h */ = {isa = PBXFileReference; fileEncoding = 4; lastKnownFileType = sourcecode.c.h; path = PYTextStyle.h; sourceTree = "<group>"; };
		6F4D58A21D4FE34F00246943 /* PYTextStyle.m */ = {isa = PBXFileReference; fileEncoding = 4; lastKnownFileType = sourcecode.c.objc; path = PYTextStyle.m; sourceTree = "<group>"; };
		6F4D58A31D4FE34F00246943 /* PYTimeline.h */ = {isa = PBXFileReference; fileEncoding = 4; lastKnownFileType = sourcecode.c.h; path = PYTimeline.h; sourceTree = "<group>"; };
		6F4D58A41D4FE34F00246943 /* PYTimeline.m */ = {isa = PBXFileReference; fileEncoding = 4; lastKnownFileType = sourcecode.c.objc; path = PYTimeline.m; sourceTree = "<group>"; };
		6F4D58A51D4FE34F00246943 /* PYTitle.h */ = {isa = PBXFileReference; fileEncoding = 4; lastKnownFileType = sourcecode.c.h; path = PYTitle.h; sourceTree = "<group>"; };
		6F4D58A61D4FE34F00246943 /* PYTitle.m */ = {isa = PBXFileReference; fileEncoding = 4; lastKnownFileType = sourcecode.c.objc; path = PYTitle.m; sourceTree = "<group>"; };
		6F4D58A71D4FE34F00246943 /* PYToolbox.h */ = {isa = PBXFileReference; fileEncoding = 4; lastKnownFileType = sourcecode.c.h; path = PYToolbox.h; sourceTree = "<group>"; };
		6F4D58A81D4FE34F00246943 /* PYToolbox.m */ = {isa = PBXFileReference; fileEncoding = 4; lastKnownFileType = sourcecode.c.objc; path = PYToolbox.m; sourceTree = "<group>"; };
		6F4D58A91D4FE34F00246943 /* PYToolboxFeature.h */ = {isa = PBXFileReference; fileEncoding = 4; lastKnownFileType = sourcecode.c.h; path = PYToolboxFeature.h; sourceTree = "<group>"; };
		6F4D58AA1D4FE34F00246943 /* PYToolboxFeature.m */ = {isa = PBXFileReference; fileEncoding = 4; lastKnownFileType = sourcecode.c.objc; path = PYToolboxFeature.m; sourceTree = "<group>"; };
		6F4D58AB1D4FE34F00246943 /* PYTooltip.h */ = {isa = PBXFileReference; fileEncoding = 4; lastKnownFileType = sourcecode.c.h; path = PYTooltip.h; sourceTree = "<group>"; };
		6F4D58AC1D4FE34F00246943 /* PYTooltip.m */ = {isa = PBXFileReference; fileEncoding = 4; lastKnownFileType = sourcecode.c.objc; path = PYTooltip.m; sourceTree = "<group>"; };
		6F4D58AE1D4FE34F00246943 /* PYCartesianSeries.h */ = {isa = PBXFileReference; fileEncoding = 4; lastKnownFileType = sourcecode.c.h; path = PYCartesianSeries.h; sourceTree = "<group>"; };
		6F4D58AF1D4FE34F00246943 /* PYCartesianSeries.m */ = {isa = PBXFileReference; fileEncoding = 4; lastKnownFileType = sourcecode.c.objc; path = PYCartesianSeries.m; sourceTree = "<group>"; };
		6F4D58B01D4FE34F00246943 /* PYEventRiverSeries.h */ = {isa = PBXFileReference; fileEncoding = 4; lastKnownFileType = sourcecode.c.h; path = PYEventRiverSeries.h; sourceTree = "<group>"; };
		6F4D58B11D4FE34F00246943 /* PYEventRiverSeries.m */ = {isa = PBXFileReference; fileEncoding = 4; lastKnownFileType = sourcecode.c.objc; path = PYEventRiverSeries.m; sourceTree = "<group>"; };
		6F4D58B21D4FE34F00246943 /* PYForceSeries.h */ = {isa = PBXFileReference; fileEncoding = 4; lastKnownFileType = sourcecode.c.h; path = PYForceSeries.h; sourceTree = "<group>"; };
		6F4D58B31D4FE34F00246943 /* PYForceSeries.m */ = {isa = PBXFileReference; fileEncoding = 4; lastKnownFileType = sourcecode.c.objc; path = PYForceSeries.m; sourceTree = "<group>"; };
		6F4D58B41D4FE34F00246943 /* PYFunnelSeries.h */ = {isa = PBXFileReference; fileEncoding = 4; lastKnownFileType = sourcecode.c.h; path = PYFunnelSeries.h; sourceTree = "<group>"; };
		6F4D58B51D4FE34F00246943 /* PYFunnelSeries.m */ = {isa = PBXFileReference; fileEncoding = 4; lastKnownFileType = sourcecode.c.objc; path = PYFunnelSeries.m; sourceTree = "<group>"; };
		6F4D58B61D4FE34F00246943 /* PYGaugeSeries.h */ = {isa = PBXFileReference; fileEncoding = 4; lastKnownFileType = sourcecode.c.h; path = PYGaugeSeries.h; sourceTree = "<group>"; };
		6F4D58B71D4FE34F00246943 /* PYGaugeSeries.m */ = {isa = PBXFileReference; fileEncoding = 4; lastKnownFileType = sourcecode.c.objc; path = PYGaugeSeries.m; sourceTree = "<group>"; };
		6F4D58B81D4FE34F00246943 /* PYHeatmapSeries.h */ = {isa = PBXFileReference; fileEncoding = 4; lastKnownFileType = sourcecode.c.h; path = PYHeatmapSeries.h; sourceTree = "<group>"; };
		6F4D58B91D4FE34F00246943 /* PYHeatmapSeries.m */ = {isa = PBXFileReference; fileEncoding = 4; lastKnownFileType = sourcecode.c.objc; path = PYHeatmapSeries.m; sourceTree = "<group>"; };
		6F4D58BA1D4FE34F00246943 /* PYMapSeries.h */ = {isa = PBXFileReference; fileEncoding = 4; lastKnownFileType = sourcecode.c.h; path = PYMapSeries.h; sourceTree = "<group>"; };
		6F4D58BB1D4FE34F00246943 /* PYMapSeries.m */ = {isa = PBXFileReference; fileEncoding = 4; lastKnownFileType = sourcecode.c.objc; path = PYMapSeries.m; sourceTree = "<group>"; };
		6F4D58BC1D4FE34F00246943 /* PYMarkLine.h */ = {isa = PBXFileReference; fileEncoding = 4; lastKnownFileType = sourcecode.c.h; path = PYMarkLine.h; sourceTree = "<group>"; };
		6F4D58BD1D4FE34F00246943 /* PYMarkLine.m */ = {isa = PBXFileReference; fileEncoding = 4; lastKnownFileType = sourcecode.c.objc; path = PYMarkLine.m; sourceTree = "<group>"; };
		6F4D58BE1D4FE34F00246943 /* PYMarkPoint.h */ = {isa = PBXFileReference; fileEncoding = 4; lastKnownFileType = sourcecode.c.h; path = PYMarkPoint.h; sourceTree = "<group>"; };
		6F4D58BF1D4FE34F00246943 /* PYMarkPoint.m */ = {isa = PBXFileReference; fileEncoding = 4; lastKnownFileType = sourcecode.c.objc; path = PYMarkPoint.m; sourceTree = "<group>"; };
		6F4D58C01D4FE34F00246943 /* PYPieSeries.h */ = {isa = PBXFileReference; fileEncoding = 4; lastKnownFileType = sourcecode.c.h; path = PYPieSeries.h; sourceTree = "<group>"; };
		6F4D58C11D4FE34F00246943 /* PYPieSeries.m */ = {isa = PBXFileReference; fileEncoding = 4; lastKnownFileType = sourcecode.c.objc; path = PYPieSeries.m; sourceTree = "<group>"; };
		6F4D58C21D4FE34F00246943 /* PYRadarSeries.h */ = {isa = PBXFileReference; fileEncoding = 4; lastKnownFileType = sourcecode.c.h; path = PYRadarSeries.h; sourceTree = "<group>"; };
		6F4D58C31D4FE34F00246943 /* PYRadarSeries.m */ = {isa = PBXFileReference; fileEncoding = 4; lastKnownFileType = sourcecode.c.objc; path = PYRadarSeries.m; sourceTree = "<group>"; };
		6F4D58C41D4FE34F00246943 /* PYSeries.h */ = {isa = PBXFileReference; fileEncoding = 4; lastKnownFileType = sourcecode.c.h; path = PYSeries.h; sourceTree = "<group>"; };
		6F4D58C51D4FE34F00246943 /* PYSeries.m */ = {isa = PBXFileReference; fileEncoding = 4; lastKnownFileType = sourcecode.c.objc; path = PYSeries.m; sourceTree = "<group>"; };
		6F4D58C61D4FE34F00246943 /* PYTreeMapSeries.h */ = {isa = PBXFileReference; fileEncoding = 4; lastKnownFileType = sourcecode.c.h; path = PYTreeMapSeries.h; sourceTree = "<group>"; };
		6F4D58C71D4FE34F00246943 /* PYTreeMapSeries.m */ = {isa = PBXFileReference; fileEncoding = 4; lastKnownFileType = sourcecode.c.objc; path = PYTreeMapSeries.m; sourceTree = "<group>"; };
		6F4D58C81D4FE34F00246943 /* PYTreeSeries.h */ = {isa = PBXFileReference; fileEncoding = 4; lastKnownFileType = sourcecode.c.h; path = PYTreeSeries.h; sourceTree = "<group>"; };
		6F4D58C91D4FE34F00246943 /* PYTreeSeries.m */ = {isa = PBXFileReference; fileEncoding = 4; lastKnownFileType = sourcecode.c.objc; path = PYTreeSeries.m; sourceTree = "<group>"; };
		6F4D58CA1D4FE34F00246943 /* PYVennSeries.h */ = {isa = PBXFileReference; fileEncoding = 4; lastKnownFileType = sourcecode.c.h; path = PYVennSeries.h; sourceTree = "<group>"; };
		6F4D58CB1D4FE34F00246943 /* PYVennSeries.m */ = {isa = PBXFileReference; fileEncoding = 4; lastKnownFileType = sourcecode.c.objc; path = PYVennSeries.m; sourceTree = "<group>"; };
		6F4D58CC1D4FE34F00246943 /* PYWordCloudSeries.h */ = {isa = PBXFileReference; fileEncoding = 4; lastKnownFileType = sourcecode.c.h; path = PYWordCloudSeries.h; sourceTree = "<group>"; };
		6F4D58CD1D4FE34F00246943 /* PYWordCloudSeries.m */ = {isa = PBXFileReference; fileEncoding = 4; lastKnownFileType = sourcecode.c.objc; path = PYWordCloudSeries.m; sourceTree = "<group>"; };
		6F4D58CF1D4FE34F00246943 /* echarts.html */ = {isa = PBXFileReference; fileEncoding = 4; lastKnownFileType = text.html; path = echarts.html; sourceTree = "<group>"; };
		6F4D58D31D4FE34F00246943 /* PYJsonUtil.h */ = {isa = PBXFileReference; fileEncoding = 4; lastKnownFileType = sourcecode.c.h; path = PYJsonUtil.h; sourceTree = "<group>"; };
		6F4D58D41D4FE34F00246943 /* PYJsonUtil.m */ = {isa = PBXFileReference; fileEncoding = 4; lastKnownFileType = sourcecode.c.objc; path = PYJsonUtil.m; sourceTree = "<group>"; };
		6F4D58D61D4FE34F00246943 /* PYEchartsView.h */ = {isa = PBXFileReference; fileEncoding = 4; lastKnownFileType = sourcecode.c.h; path = PYEchartsView.h; sourceTree = "<group>"; };
		6F4D58D71D4FE34F00246943 /* PYEchartsView.m */ = {isa = PBXFileReference; fileEncoding = 4; lastKnownFileType = sourcecode.c.objc; path = PYEchartsView.m; sourceTree = "<group>"; };
		6F4D58D81D4FE34F00246943 /* PYZoomEchartsView.h */ = {isa = PBXFileReference; fileEncoding = 4; lastKnownFileType = sourcecode.c.h; path = PYZoomEchartsView.h; sourceTree = "<group>"; };
		6F4D58D91D4FE34F00246943 /* PYZoomEchartsView.m */ = {isa = PBXFileReference; fileEncoding = 4; lastKnownFileType = sourcecode.c.objc; path = PYZoomEchartsView.m; sourceTree = "<group>"; };
		6F7352BC1D50A779006CD119 /* js */ = {isa = PBXFileReference; lastKnownFileType = folder; path = js; sourceTree = "<group>"; };
		6F8A3EFC1D49AFA5008268BD /* MultiEchartsController.h */ = {isa = PBXFileReference; fileEncoding = 4; lastKnownFileType = sourcecode.c.h; path = MultiEchartsController.h; sourceTree = "<group>"; };
		6F8A3EFD1D49AFA5008268BD /* MultiEchartsController.m */ = {isa = PBXFileReference; fileEncoding = 4; lastKnownFileType = sourcecode.c.objc; path = MultiEchartsController.m; sourceTree = "<group>"; };
		6F8A3EFE1D49AFA5008268BD /* MultiEchartsController.xib */ = {isa = PBXFileReference; fileEncoding = 4; lastKnownFileType = file.xib; path = MultiEchartsController.xib; sourceTree = "<group>"; };
		6F8A3F021D49B598008268BD /* EchartsViewCell.h */ = {isa = PBXFileReference; fileEncoding = 4; lastKnownFileType = sourcecode.c.h; name = EchartsViewCell.h; path = "iOS-Echarts_Demo/Cell/EchartsViewCell.h"; sourceTree = "<group>"; };
		6F8A3F031D49B598008268BD /* EchartsViewCell.m */ = {isa = PBXFileReference; fileEncoding = 4; lastKnownFileType = sourcecode.c.objc; name = EchartsViewCell.m; path = "iOS-Echarts_Demo/Cell/EchartsViewCell.m"; sourceTree = "<group>"; };
		6F8A3F041D49B598008268BD /* EchartsViewCell.xib */ = {isa = PBXFileReference; fileEncoding = 4; lastKnownFileType = file.xib; name = EchartsViewCell.xib; path = "iOS-Echarts_Demo/Cell/EchartsViewCell.xib"; sourceTree = "<group>"; };
		6F9391AA1D42414800CD54FC /* ForceDemoController.h */ = {isa = PBXFileReference; fileEncoding = 4; lastKnownFileType = sourcecode.c.h; path = ForceDemoController.h; sourceTree = "<group>"; };
		6F9391AB1D42414800CD54FC /* ForceDemoController.m */ = {isa = PBXFileReference; fileEncoding = 4; lastKnownFileType = sourcecode.c.objc; path = ForceDemoController.m; sourceTree = "<group>"; };
		6F9391AC1D42414800CD54FC /* ForceDemoController.xib */ = {isa = PBXFileReference; fileEncoding = 4; lastKnownFileType = file.xib; path = ForceDemoController.xib; sourceTree = "<group>"; };
		6FC091181D5A464200D52879 /* WordCloudDemoController.h */ = {isa = PBXFileReference; fileEncoding = 4; lastKnownFileType = sourcecode.c.h; path = WordCloudDemoController.h; sourceTree = "<group>"; };
		6FC091191D5A464200D52879 /* WordCloudDemoController.m */ = {isa = PBXFileReference; fileEncoding = 4; lastKnownFileType = sourcecode.c.objc; path = WordCloudDemoController.m; sourceTree = "<group>"; };
		6FC0911A1D5A464200D52879 /* WordCloudDemoController.xib */ = {isa = PBXFileReference; fileEncoding = 4; lastKnownFileType = file.xib; path = WordCloudDemoController.xib; sourceTree = "<group>"; };
		6FEFF6E91D56448300E8B77E /* NSObject+PYObject.h */ = {isa = PBXFileReference; fileEncoding = 4; lastKnownFileType = sourcecode.c.h; path = "NSObject+PYObject.h"; sourceTree = "<group>"; };
		6FEFF6EA1D56448300E8B77E /* NSObject+PYObject.m */ = {isa = PBXFileReference; fileEncoding = 4; lastKnownFileType = sourcecode.c.objc; path = "NSObject+PYObject.m"; sourceTree = "<group>"; };
		6FEFF6ED1D5644E500E8B77E /* PYUtilities.h */ = {isa = PBXFileReference; lastKnownFileType = sourcecode.c.h; path = PYUtilities.h; sourceTree = "<group>"; };
		6FEFF6EE1D564D5C00E8B77E /* PYChordStyle.h */ = {isa = PBXFileReference; fileEncoding = 4; lastKnownFileType = sourcecode.c.h; path = PYChordStyle.h; sourceTree = "<group>"; };
		6FEFF6EF1D564D5C00E8B77E /* PYChordStyle.m */ = {isa = PBXFileReference; fileEncoding = 4; lastKnownFileType = sourcecode.c.objc; path = PYChordStyle.m; sourceTree = "<group>"; };
/* End PBXFileReference section */

/* Begin PBXFrameworksBuildPhase section */
		6C4216731B98E310002D4B7A /* Frameworks */ = {
			isa = PBXFrameworksBuildPhase;
			buildActionMask = 2147483647;
			files = (
			);
			runOnlyForDeploymentPostprocessing = 0;
		};
		6C42168C1B98E310002D4B7A /* Frameworks */ = {
			isa = PBXFrameworksBuildPhase;
			buildActionMask = 2147483647;
			files = (
			);
			runOnlyForDeploymentPostprocessing = 0;
		};
/* End PBXFrameworksBuildPhase section */

/* Begin PBXGroup section */
		6C0658C91BB85A3E003CAAE5 /* iOS-Echarts_Demo */ = {
			isa = PBXGroup;
			children = (
				6F8A3F011D49B571008268BD /* Cell */,
				6CC846531BC15E4D00947312 /* Library */,
				6C0658DC1BB85B4F003CAAE5 /* Controller */,
				6C0658D61BB85B46003CAAE5 /* LaunchScreen.xib */,
				6C0658D81BB85B46003CAAE5 /* Main.storyboard */,
				6C0658CF1BB85B34003CAAE5 /* AppDelegate.h */,
				6C0658D01BB85B34003CAAE5 /* AppDelegate.m */,
				6C4216791B98E310002D4B7A /* Supporting Files */,
			);
			name = "iOS-Echarts_Demo";
			sourceTree = "<group>";
		};
		6C0658DC1BB85B4F003CAAE5 /* Controller */ = {
			isa = PBXGroup;
			children = (
				6C0658DD1BB85B4F003CAAE5 /* BarDemoController.h */,
				6C0658DE1BB85B4F003CAAE5 /* BarDemoController.m */,
				6C0658DF1BB85B4F003CAAE5 /* BarDemoController.xib */,
				6C0658E01BB85B4F003CAAE5 /* LineDemoController.h */,
				6C0658E11BB85B4F003CAAE5 /* LineDemoController.m */,
				6C0658E21BB85B4F003CAAE5 /* LineDemoController.xib */,
				6C0658E31BB85B4F003CAAE5 /* ViewController.h */,
				6C0658E41BB85B4F003CAAE5 /* ViewController.m */,
				6CB02A7C1BBEAC66002E1126 /* MainController.h */,
				6CB02A7D1BBEAC66002E1126 /* MainController.m */,
				6CB02A7F1BBF7739002E1126 /* PieDemoController.h */,
				6CB02A801BBF7739002E1126 /* PieDemoController.m */,
				6CB02A811BBF7739002E1126 /* PieDemoController.xib */,
				6CF1AA2A1C02A32600F1B773 /* CandlestickDemoController.h */,
				6CF1AA2B1C02A32600F1B773 /* CandlestickDemoController.m */,
				6CF1AA2C1C02A32600F1B773 /* CandlestickDemoController.xib */,
				6CF1AA2F1C02AF5600F1B773 /* ScatterDemoController.h */,
				6CF1AA301C02AF5600F1B773 /* ScatterDemoController.m */,
				6CF1AA311C02AF5600F1B773 /* ScatterDemoController.xib */,
				6C28059F1C27BBF80076EAFB /* RadarDemoController.h */,
				6C2805A01C27BBF80076EAFB /* RadarDemoController.m */,
				6C2805A11C27BBF80076EAFB /* RadarDemoController.xib */,
				6C08828B1C303F4400EA0D34 /* MapDemoController.h */,
				6C08828C1C303F4400EA0D34 /* MapDemoController.m */,
				6C08828D1C303F4400EA0D34 /* MapDemoController.xib */,
				6C6011A81CC144710048F6F6 /* OtherDemoController.h */,
				6C6011A91CC144710048F6F6 /* OtherDemoController.m */,
				6C6011AA1CC144710048F6F6 /* OtherDemoController.xib */,
				6F9391AA1D42414800CD54FC /* ForceDemoController.h */,
				6F9391AB1D42414800CD54FC /* ForceDemoController.m */,
				6F9391AC1D42414800CD54FC /* ForceDemoController.xib */,
				6F8A3EFC1D49AFA5008268BD /* MultiEchartsController.h */,
				6F8A3EFD1D49AFA5008268BD /* MultiEchartsController.m */,
				6F8A3EFE1D49AFA5008268BD /* MultiEchartsController.xib */,
				6FC091181D5A464200D52879 /* WordCloudDemoController.h */,
				6FC091191D5A464200D52879 /* WordCloudDemoController.m */,
				6FC0911A1D5A464200D52879 /* WordCloudDemoController.xib */,
			);
			name = Controller;
			path = "iOS-Echarts_Demo/Controller";
			sourceTree = "<group>";
		};
		6C42166D1B98E310002D4B7A = {
			isa = PBXGroup;
			children = (
				6F4D58641D4FE34F00246943 /* iOS-Echarts */,
				6C0658C91BB85A3E003CAAE5 /* iOS-Echarts_Demo */,
				6CC846631BC1BEB000947312 /* iOS-Echarts.podspec */,
				6C4216921B98E310002D4B7A /* iOS-EchartsTests */,
				6C4216771B98E310002D4B7A /* Products */,
			);
			sourceTree = "<group>";
		};
		6C4216771B98E310002D4B7A /* Products */ = {
			isa = PBXGroup;
			children = (
				6C4216761B98E310002D4B7A /* iOS-Echarts.app */,
				6C42168F1B98E310002D4B7A /* iOS-EchartsTests.xctest */,
			);
			name = Products;
			sourceTree = "<group>";
		};
		6C4216791B98E310002D4B7A /* Supporting Files */ = {
			isa = PBXGroup;
			children = (
				6C0658CA1BB85B29003CAAE5 /* Info.plist */,
				6C0658CB1BB85B29003CAAE5 /* iOS-Echarts-PrefixHeader.pch */,
				6C0658CC1BB85B29003CAAE5 /* main.m */,
			);
			name = "Supporting Files";
			path = "iOS-Echarts";
			sourceTree = "<group>";
		};
		6C4216921B98E310002D4B7A /* iOS-EchartsTests */ = {
			isa = PBXGroup;
			children = (
				6C4216951B98E310002D4B7A /* iOS_EchartsTests.m */,
				6C4216931B98E310002D4B7A /* Supporting Files */,
			);
			path = "iOS-EchartsTests";
			sourceTree = "<group>";
		};
		6C4216931B98E310002D4B7A /* Supporting Files */ = {
			isa = PBXGroup;
			children = (
				6C4216941B98E310002D4B7A /* Info.plist */,
			);
			name = "Supporting Files";
			sourceTree = "<group>";
		};
		6CC846531BC15E4D00947312 /* Library */ = {
			isa = PBXGroup;
			children = (
				6CC846541BC15E4D00947312 /* RMMapper */,
			);
			name = Library;
			path = "iOS-Echarts_Demo/Library";
			sourceTree = "<group>";
		};
		6CC846541BC15E4D00947312 /* RMMapper */ = {
			isa = PBXGroup;
			children = (
				6CC846551BC15E4D00947312 /* NSObject+RMArchivable.h */,
				6CC846561BC15E4D00947312 /* NSObject+RMArchivable.m */,
				6CC846571BC15E4D00947312 /* NSObject+RMCopyable.h */,
				6CC846581BC15E4D00947312 /* NSObject+RMCopyable.m */,
				6CC846591BC15E4D00947312 /* NSUserDefaults+RMSaveCustomObject.h */,
				6CC8465A1BC15E4D00947312 /* NSUserDefaults+RMSaveCustomObject.m */,
				6CC8465B1BC15E4D00947312 /* RMMapper.h */,
				6CC8465C1BC15E4D00947312 /* RMMapper.m */,
			);
			path = RMMapper;
			sourceTree = "<group>";
		};
		6F4D58641D4FE34F00246943 /* iOS-Echarts */ = {
			isa = PBXGroup;
			children = (
				6FEFF6E81D56446F00E8B77E /* Categories */,
				6F4D58651D4FE34F00246943 /* iOS-Echarts.h */,
				6F4D58661D4FE34F00246943 /* Model */,
				6FEFF6ED1D5644E500E8B77E /* PYUtilities.h */,
				6F4D58CE1D4FE34F00246943 /* Resources */,
				6F4D58D21D4FE34F00246943 /* Util */,
				6F4D58D51D4FE34F00246943 /* View */,
			);
			path = "iOS-Echarts";
			sourceTree = "<group>";
		};
		6F4D58661D4FE34F00246943 /* Model */ = {
			isa = PBXGroup;
			children = (
				6F4D58691D4FE34F00246943 /* PYAreaStyle.h */,
				6F4D586A1D4FE34F00246943 /* PYAreaStyle.m */,
				6F4D586B1D4FE34F00246943 /* PYAxis.h */,
				6F4D586C1D4FE34F00246943 /* PYAxis.m */,
				6F4D586D1D4FE34F00246943 /* PYAxisLabel.h */,
				6F4D586E1D4FE34F00246943 /* PYAxisLabel.m */,
				6F4D586F1D4FE34F00246943 /* PYAxisLine.h */,
				6F4D58701D4FE34F00246943 /* PYAxisLine.m */,
				6F4D58711D4FE34F00246943 /* PYAxisPointer.h */,
				6F4D58721D4FE34F00246943 /* PYAxisPointer.m */,
				6F4D58731D4FE34F00246943 /* PYAxisTick.h */,
				6F4D58741D4FE34F00246943 /* PYAxisTick.m */,
				6F4D58751D4FE34F00246943 /* PYCategories.h */,
				6F4D58761D4FE34F00246943 /* PYCategories.m */,
				6FEFF6EE1D564D5C00E8B77E /* PYChordStyle.h */,
				6FEFF6EF1D564D5C00E8B77E /* PYChordStyle.m */,
				6F4D58771D4FE34F00246943 /* PYColor.h */,
				6F4D58781D4FE34F00246943 /* PYColor.m */,
				6F4D58791D4FE34F00246943 /* PYDataRange.h */,
				6F4D587A1D4FE34F00246943 /* PYDataRange.m */,
				6F4D587B1D4FE34F00246943 /* PYDataZoom.h */,
				6F4D587C1D4FE34F00246943 /* PYDataZoom.m */,
				6F4D587D1D4FE34F00246943 /* PYGrid.h */,
				6F4D587E1D4FE34F00246943 /* PYGrid.m */,
				6F4D587F1D4FE34F00246943 /* PYItemStyle.h */,
				6F4D58801D4FE34F00246943 /* PYItemStyle.m */,
				6F4D58811D4FE34F00246943 /* PYItemStyleProp.h */,
				6F4D58821D4FE34F00246943 /* PYItemStyleProp.m */,
				6F4D58871D4FE34F00246943 /* PYLegend.h */,
				6F4D58881D4FE34F00246943 /* PYLegend.m */,
				6F4D58891D4FE34F00246943 /* PYLineStyle.h */,
				6F4D588A1D4FE34F00246943 /* PYLineStyle.m */,
				6F4D588B1D4FE34F00246943 /* PYLinks.h */,
				6F4D588C1D4FE34F00246943 /* PYLinks.m */,
				6F4D588D1D4FE34F00246943 /* PYLinkStyle.h */,
				6F4D588E1D4FE34F00246943 /* PYLinkStyle.m */,
				6F4D588F1D4FE34F00246943 /* PYLoadingOption.h */,
				6F4D58901D4FE34F00246943 /* PYLoadingOption.m */,
				6F4D58911D4FE34F00246943 /* PYNoDataLoadingOption.h */,
				6F4D58921D4FE34F00246943 /* PYNoDataLoadingOption.m */,
				6F4D58931D4FE34F00246943 /* PYNodes.h */,
				6F4D58941D4FE34F00246943 /* PYNodes.m */,
				6F4D58951D4FE34F00246943 /* PYNodeStyle.h */,
				6F4D58961D4FE34F00246943 /* PYNodeStyle.m */,
				6F4D58971D4FE34F00246943 /* PYOption.h */,
				6F4D58981D4FE34F00246943 /* PYOption.m */,
				6F4D58991D4FE34F00246943 /* PYPolar.h */,
				6F4D589A1D4FE34F00246943 /* PYPolar.m */,
				6F4D589B1D4FE34F00246943 /* PYRoamController.h */,
				6F4D589C1D4FE34F00246943 /* PYRoamController.m */,
				6F4D589D1D4FE34F00246943 /* PYSplitArea.h */,
				6F4D589E1D4FE34F00246943 /* PYSplitArea.m */,
				6F4D589F1D4FE34F00246943 /* PYSplitLine.h */,
				6F4D58A01D4FE34F00246943 /* PYSplitLine.m */,
				6F4D58A11D4FE34F00246943 /* PYTextStyle.h */,
				6F4D58A21D4FE34F00246943 /* PYTextStyle.m */,
				6F4D58A31D4FE34F00246943 /* PYTimeline.h */,
				6F4D58A41D4FE34F00246943 /* PYTimeline.m */,
				6F4D58A51D4FE34F00246943 /* PYTitle.h */,
				6F4D58A61D4FE34F00246943 /* PYTitle.m */,
				6F4D58A71D4FE34F00246943 /* PYToolbox.h */,
				6F4D58A81D4FE34F00246943 /* PYToolbox.m */,
				6F4D58A91D4FE34F00246943 /* PYToolboxFeature.h */,
				6F4D58AA1D4FE34F00246943 /* PYToolboxFeature.m */,
				6F4D58AB1D4FE34F00246943 /* PYTooltip.h */,
				6F4D58AC1D4FE34F00246943 /* PYTooltip.m */,
				6F4D58AD1D4FE34F00246943 /* Series */,
			);
			path = Model;
			sourceTree = "<group>";
		};
		6F4D58AD1D4FE34F00246943 /* Series */ = {
			isa = PBXGroup;
			children = (
				6F4D58AE1D4FE34F00246943 /* PYCartesianSeries.h */,
				6F4D58AF1D4FE34F00246943 /* PYCartesianSeries.m */,
				6F4D58B01D4FE34F00246943 /* PYEventRiverSeries.h */,
				6F4D58B11D4FE34F00246943 /* PYEventRiverSeries.m */,
				6F4D58B21D4FE34F00246943 /* PYForceSeries.h */,
				6F4D58B31D4FE34F00246943 /* PYForceSeries.m */,
				6F4D58B41D4FE34F00246943 /* PYFunnelSeries.h */,
				6F4D58B51D4FE34F00246943 /* PYFunnelSeries.m */,
				6F4D58B61D4FE34F00246943 /* PYGaugeSeries.h */,
				6F4D58B71D4FE34F00246943 /* PYGaugeSeries.m */,
				6F4D58B81D4FE34F00246943 /* PYHeatmapSeries.h */,
				6F4D58B91D4FE34F00246943 /* PYHeatmapSeries.m */,
				6F4D58BA1D4FE34F00246943 /* PYMapSeries.h */,
				6F4D58BB1D4FE34F00246943 /* PYMapSeries.m */,
				6F4D58BC1D4FE34F00246943 /* PYMarkLine.h */,
				6F4D58BD1D4FE34F00246943 /* PYMarkLine.m */,
				6F4D58BE1D4FE34F00246943 /* PYMarkPoint.h */,
				6F4D58BF1D4FE34F00246943 /* PYMarkPoint.m */,
				6F4D58C01D4FE34F00246943 /* PYPieSeries.h */,
				6F4D58C11D4FE34F00246943 /* PYPieSeries.m */,
				6F4D58C21D4FE34F00246943 /* PYRadarSeries.h */,
				6F4D58C31D4FE34F00246943 /* PYRadarSeries.m */,
				6F4D58C41D4FE34F00246943 /* PYSeries.h */,
				6F4D58C51D4FE34F00246943 /* PYSeries.m */,
				6F4D58C61D4FE34F00246943 /* PYTreeMapSeries.h */,
				6F4D58C71D4FE34F00246943 /* PYTreeMapSeries.m */,
				6F4D58C81D4FE34F00246943 /* PYTreeSeries.h */,
				6F4D58C91D4FE34F00246943 /* PYTreeSeries.m */,
				6F4D58CA1D4FE34F00246943 /* PYVennSeries.h */,
				6F4D58CB1D4FE34F00246943 /* PYVennSeries.m */,
				6F4D58CC1D4FE34F00246943 /* PYWordCloudSeries.h */,
				6F4D58CD1D4FE34F00246943 /* PYWordCloudSeries.m */,
			);
			path = Series;
			sourceTree = "<group>";
		};
		6F4D58CE1D4FE34F00246943 /* Resources */ = {
			isa = PBXGroup;
			children = (
				6F7352BC1D50A779006CD119 /* js */,
				6F4D58CF1D4FE34F00246943 /* echarts.html */,
			);
			path = Resources;
			sourceTree = "<group>";
		};
		6F4D58D21D4FE34F00246943 /* Util */ = {
			isa = PBXGroup;
			children = (
				6F4D58D31D4FE34F00246943 /* PYJsonUtil.h */,
				6F4D58D41D4FE34F00246943 /* PYJsonUtil.m */,
			);
			path = Util;
			sourceTree = "<group>";
		};
		6F4D58D51D4FE34F00246943 /* View */ = {
			isa = PBXGroup;
			children = (
				6F4D58D61D4FE34F00246943 /* PYEchartsView.h */,
				6F4D58D71D4FE34F00246943 /* PYEchartsView.m */,
				6F4D58D81D4FE34F00246943 /* PYZoomEchartsView.h */,
				6F4D58D91D4FE34F00246943 /* PYZoomEchartsView.m */,
			);
			path = View;
			sourceTree = "<group>";
		};
		6F8A3F011D49B571008268BD /* Cell */ = {
			isa = PBXGroup;
			children = (
				6F8A3F021D49B598008268BD /* EchartsViewCell.h */,
				6F8A3F031D49B598008268BD /* EchartsViewCell.m */,
				6F8A3F041D49B598008268BD /* EchartsViewCell.xib */,
			);
			name = Cell;
			sourceTree = "<group>";
		};
		6FEFF6E81D56446F00E8B77E /* Categories */ = {
			isa = PBXGroup;
			children = (
				6FEFF6E91D56448300E8B77E /* NSObject+PYObject.h */,
				6FEFF6EA1D56448300E8B77E /* NSObject+PYObject.m */,
			);
			path = Categories;
			sourceTree = "<group>";
		};
/* End PBXGroup section */

/* Begin PBXNativeTarget section */
		6C4216751B98E310002D4B7A /* iOS-Echarts */ = {
			isa = PBXNativeTarget;
			buildConfigurationList = 6C4216991B98E310002D4B7A /* Build configuration list for PBXNativeTarget "iOS-Echarts" */;
			buildPhases = (
				6C4216721B98E310002D4B7A /* Sources */,
				6C4216731B98E310002D4B7A /* Frameworks */,
				6C4216741B98E310002D4B7A /* Resources */,
			);
			buildRules = (
			);
			dependencies = (
			);
			name = "iOS-Echarts";
			productName = "iOS-Echarts";
			productReference = 6C4216761B98E310002D4B7A /* iOS-Echarts.app */;
			productType = "com.apple.product-type.application";
		};
		6C42168E1B98E310002D4B7A /* iOS-EchartsTests */ = {
			isa = PBXNativeTarget;
			buildConfigurationList = 6C42169C1B98E310002D4B7A /* Build configuration list for PBXNativeTarget "iOS-EchartsTests" */;
			buildPhases = (
				6C42168B1B98E310002D4B7A /* Sources */,
				6C42168C1B98E310002D4B7A /* Frameworks */,
				6C42168D1B98E310002D4B7A /* Resources */,
			);
			buildRules = (
			);
			dependencies = (
				6C4216911B98E310002D4B7A /* PBXTargetDependency */,
			);
			name = "iOS-EchartsTests";
			productName = "iOS-EchartsTests";
			productReference = 6C42168F1B98E310002D4B7A /* iOS-EchartsTests.xctest */;
			productType = "com.apple.product-type.bundle.unit-test";
		};
/* End PBXNativeTarget section */

/* Begin PBXProject section */
		6C42166E1B98E310002D4B7A /* Project object */ = {
			isa = PBXProject;
			attributes = {
				CLASSPREFIX = PY;
				LastUpgradeCheck = 0640;
				ORGANIZATIONNAME = "pluto-y";
				TargetAttributes = {
					6C4216751B98E310002D4B7A = {
						CreatedOnToolsVersion = 6.4;
					};
					6C42168E1B98E310002D4B7A = {
						CreatedOnToolsVersion = 6.4;
						TestTargetID = 6C4216751B98E310002D4B7A;
					};
				};
			};
			buildConfigurationList = 6C4216711B98E310002D4B7A /* Build configuration list for PBXProject "iOS-Echarts" */;
			compatibilityVersion = "Xcode 3.2";
			developmentRegion = English;
			hasScannedForEncodings = 0;
			knownRegions = (
				en,
				Base,
			);
			mainGroup = 6C42166D1B98E310002D4B7A;
			productRefGroup = 6C4216771B98E310002D4B7A /* Products */;
			projectDirPath = "";
			projectRoot = "";
			targets = (
				6C4216751B98E310002D4B7A /* iOS-Echarts */,
				6C42168E1B98E310002D4B7A /* iOS-EchartsTests */,
			);
		};
/* End PBXProject section */

/* Begin PBXResourcesBuildPhase section */
		6C4216741B98E310002D4B7A /* Resources */ = {
			isa = PBXResourcesBuildPhase;
			buildActionMask = 2147483647;
			files = (
				6F9391AE1D42414800CD54FC /* ForceDemoController.xib in Resources */,
				6F7352BD1D50A779006CD119 /* js in Resources */,
				6C0658E81BB85B4F003CAAE5 /* LineDemoController.xib in Resources */,
				6CF1AA331C02AF5600F1B773 /* ScatterDemoController.xib in Resources */,
				6F4D590D1D4FE34F00246943 /* echarts.html in Resources */,
				6CC846641BC1BEB000947312 /* iOS-Echarts.podspec in Resources */,
				6C34720D1BF470E600C16B73 /* (null) in Resources */,
				6FC0911C1D5A464200D52879 /* WordCloudDemoController.xib in Resources */,
				6C0658DA1BB85B46003CAAE5 /* LaunchScreen.xib in Resources */,
				6C6011AC1CC144710048F6F6 /* OtherDemoController.xib in Resources */,
				6C0658E61BB85B4F003CAAE5 /* BarDemoController.xib in Resources */,
				6F8A3F001D49AFA5008268BD /* MultiEchartsController.xib in Resources */,
				6C08828F1C303F4400EA0D34 /* MapDemoController.xib in Resources */,
				6CF1AA2E1C02A32600F1B773 /* CandlestickDemoController.xib in Resources */,
				6C0658DB1BB85B46003CAAE5 /* Main.storyboard in Resources */,
				6CB02A831BBF7739002E1126 /* PieDemoController.xib in Resources */,
				6F8A3F061D49B598008268BD /* EchartsViewCell.xib in Resources */,
				6C0658CD1BB85B29003CAAE5 /* Info.plist in Resources */,
				6C2805A31C27BBF80076EAFB /* RadarDemoController.xib in Resources */,
			);
			runOnlyForDeploymentPostprocessing = 0;
		};
		6C42168D1B98E310002D4B7A /* Resources */ = {
			isa = PBXResourcesBuildPhase;
			buildActionMask = 2147483647;
			files = (
			);
			runOnlyForDeploymentPostprocessing = 0;
		};
/* End PBXResourcesBuildPhase section */

/* Begin PBXSourcesBuildPhase section */
		6C4216721B98E310002D4B7A /* Sources */ = {
			isa = PBXSourcesBuildPhase;
			buildActionMask = 2147483647;
			files = (
				6F4D58E21D4FE34F00246943 /* PYColor.m in Sources */,
				6C0658E71BB85B4F003CAAE5 /* LineDemoController.m in Sources */,
				6FC0911B1D5A464200D52879 /* WordCloudDemoController.m in Sources */,
				6F4D59051D4FE34F00246943 /* PYMarkPoint.m in Sources */,
				6F4D58EC1D4FE34F00246943 /* PYLinks.m in Sources */,
				6F8A3EFF1D49AFA5008268BD /* MultiEchartsController.m in Sources */,
				6F4D58EE1D4FE34F00246943 /* PYLoadingOption.m in Sources */,
				6C0658CE1BB85B29003CAAE5 /* main.m in Sources */,
				6CC8465E1BC15E4D00947312 /* NSObject+RMCopyable.m in Sources */,
				6F4D59031D4FE34F00246943 /* PYMapSeries.m in Sources */,
				6FEFF6F01D564D5C00E8B77E /* PYChordStyle.m in Sources */,
				6C0658D31BB85B34003CAAE5 /* AppDelegate.m in Sources */,
				6F4D58E71D4FE34F00246943 /* PYItemStyleProp.m in Sources */,
				6F4D58DE1D4FE34F00246943 /* PYAxisLine.m in Sources */,
				6F4D58ED1D4FE34F00246943 /* PYLinkStyle.m in Sources */,
				6F4D58F31D4FE34F00246943 /* PYPolar.m in Sources */,
				6C2805A21C27BBF80076EAFB /* RadarDemoController.m in Sources */,
				6F9391AD1D42414800CD54FC /* ForceDemoController.m in Sources */,
				6F8A3F051D49B598008268BD /* EchartsViewCell.m in Sources */,
				6CC8465F1BC15E4D00947312 /* NSUserDefaults+RMSaveCustomObject.m in Sources */,
				6C08828E1C303F4400EA0D34 /* MapDemoController.m in Sources */,
				6CC8465D1BC15E4D00947312 /* NSObject+RMArchivable.m in Sources */,
				6F4D58FD1D4FE34F00246943 /* PYCartesianSeries.m in Sources */,
				6C0658E51BB85B4F003CAAE5 /* BarDemoController.m in Sources */,
				6F4D58F61D4FE34F00246943 /* PYSplitLine.m in Sources */,
				6F4D59001D4FE34F00246943 /* PYFunnelSeries.m in Sources */,
				6F4D59061D4FE34F00246943 /* PYPieSeries.m in Sources */,
				6F4D58EB1D4FE34F00246943 /* PYLineStyle.m in Sources */,
				6CB02A7E1BBEAC66002E1126 /* MainController.m in Sources */,
				6F4D58E31D4FE34F00246943 /* PYDataRange.m in Sources */,
				6F4D58E61D4FE34F00246943 /* PYItemStyle.m in Sources */,
				6F4D58FA1D4FE34F00246943 /* PYToolbox.m in Sources */,
				6F4D59101D4FE34F00246943 /* PYEchartsView.m in Sources */,
				6F4D58F41D4FE34F00246943 /* PYRoamController.m in Sources */,
				6F4D58DF1D4FE34F00246943 /* PYAxisPointer.m in Sources */,
				6F4D58EA1D4FE34F00246943 /* PYLegend.m in Sources */,
				6F4D590F1D4FE34F00246943 /* PYJsonUtil.m in Sources */,
				6F4D59041D4FE34F00246943 /* PYMarkLine.m in Sources */,
				6F4D58F71D4FE34F00246943 /* PYTextStyle.m in Sources */,
				6F4D58F91D4FE34F00246943 /* PYTitle.m in Sources */,
				6F4D58F51D4FE34F00246943 /* PYSplitArea.m in Sources */,
				6F4D58E01D4FE34F00246943 /* PYAxisTick.m in Sources */,
				6F4D59091D4FE34F00246943 /* PYTreeMapSeries.m in Sources */,
				6F4D59111D4FE34F00246943 /* PYZoomEchartsView.m in Sources */,
				6F4D590C1D4FE34F00246943 /* PYWordCloudSeries.m in Sources */,
				6CB02A821BBF7739002E1126 /* PieDemoController.m in Sources */,
				6F4D58F81D4FE34F00246943 /* PYTimeline.m in Sources */,
				6F4D58FE1D4FE34F00246943 /* PYEventRiverSeries.m in Sources */,
				6C6011AB1CC144710048F6F6 /* OtherDemoController.m in Sources */,
				6F4D58E41D4FE34F00246943 /* PYDataZoom.m in Sources */,
				6F4D58F11D4FE34F00246943 /* PYNodeStyle.m in Sources */,
				6F4D58F01D4FE34F00246943 /* PYNodes.m in Sources */,
				6F4D58FF1D4FE34F00246943 /* PYForceSeries.m in Sources */,
				6F4D59021D4FE34F00246943 /* PYHeatmapSeries.m in Sources */,
				6CF1AA2D1C02A32600F1B773 /* CandlestickDemoController.m in Sources */,
				6F4D58DD1D4FE34F00246943 /* PYAxisLabel.m in Sources */,
				6C0658E91BB85B4F003CAAE5 /* ViewController.m in Sources */,
				6F4D58EF1D4FE34F00246943 /* PYNoDataLoadingOption.m in Sources */,
				6FEFF6EB1D56448300E8B77E /* NSObject+PYObject.m in Sources */,
				6CC846601BC15E4D00947312 /* RMMapper.m in Sources */,
				6F4D58E51D4FE34F00246943 /* PYGrid.m in Sources */,
				6F4D59011D4FE34F00246943 /* PYGaugeSeries.m in Sources */,
				6F4D58E11D4FE34F00246943 /* PYCategories.m in Sources */,
				6F4D59081D4FE34F00246943 /* PYSeries.m in Sources */,
				6F4D58DB1D4FE34F00246943 /* PYAreaStyle.m in Sources */,
				6F4D58FB1D4FE34F00246943 /* PYToolboxFeature.m in Sources */,
				6F4D590A1D4FE34F00246943 /* PYTreeSeries.m in Sources */,
				6CF1AA321C02AF5600F1B773 /* ScatterDemoController.m in Sources */,
				6F4D58FC1D4FE34F00246943 /* PYTooltip.m in Sources */,
				6F4D59071D4FE34F00246943 /* PYRadarSeries.m in Sources */,
				6F4D590B1D4FE34F00246943 /* PYVennSeries.m in Sources */,
				6F4D58DC1D4FE34F00246943 /* PYAxis.m in Sources */,
				6F4D58F21D4FE34F00246943 /* PYOption.m in Sources */,
			);
			runOnlyForDeploymentPostprocessing = 0;
		};
		6C42168B1B98E310002D4B7A /* Sources */ = {
			isa = PBXSourcesBuildPhase;
			buildActionMask = 2147483647;
			files = (
				6C4216961B98E310002D4B7A /* iOS_EchartsTests.m in Sources */,
			);
			runOnlyForDeploymentPostprocessing = 0;
		};
/* End PBXSourcesBuildPhase section */

/* Begin PBXTargetDependency section */
		6C4216911B98E310002D4B7A /* PBXTargetDependency */ = {
			isa = PBXTargetDependency;
			target = 6C4216751B98E310002D4B7A /* iOS-Echarts */;
			targetProxy = 6C4216901B98E310002D4B7A /* PBXContainerItemProxy */;
		};
/* End PBXTargetDependency section */

/* Begin PBXVariantGroup section */
		6C0658D61BB85B46003CAAE5 /* LaunchScreen.xib */ = {
			isa = PBXVariantGroup;
			children = (
				6C0658D71BB85B46003CAAE5 /* Base */,
			);
			name = LaunchScreen.xib;
			sourceTree = "<group>";
		};
		6C0658D81BB85B46003CAAE5 /* Main.storyboard */ = {
			isa = PBXVariantGroup;
			children = (
				6C0658D91BB85B46003CAAE5 /* Base */,
			);
			name = Main.storyboard;
			sourceTree = "<group>";
		};
/* End PBXVariantGroup section */

/* Begin XCBuildConfiguration section */
		6C4216971B98E310002D4B7A /* Debug */ = {
			isa = XCBuildConfiguration;
			buildSettings = {
				ALWAYS_SEARCH_USER_PATHS = NO;
				CLANG_CXX_LANGUAGE_STANDARD = "gnu++0x";
				CLANG_CXX_LIBRARY = "libc++";
				CLANG_ENABLE_MODULES = YES;
				CLANG_ENABLE_OBJC_ARC = YES;
				CLANG_WARN_BOOL_CONVERSION = YES;
				CLANG_WARN_CONSTANT_CONVERSION = YES;
				CLANG_WARN_DIRECT_OBJC_ISA_USAGE = YES_ERROR;
				CLANG_WARN_EMPTY_BODY = YES;
				CLANG_WARN_ENUM_CONVERSION = YES;
				CLANG_WARN_INT_CONVERSION = YES;
				CLANG_WARN_OBJC_ROOT_CLASS = YES_ERROR;
				CLANG_WARN_UNREACHABLE_CODE = YES;
				CLANG_WARN__DUPLICATE_METHOD_MATCH = YES;
				"CODE_SIGN_IDENTITY[sdk=iphoneos*]" = "iPhone Developer";
				COPY_PHASE_STRIP = NO;
				DEBUG_INFORMATION_FORMAT = "dwarf-with-dsym";
				ENABLE_STRICT_OBJC_MSGSEND = YES;
				GCC_C_LANGUAGE_STANDARD = gnu99;
				GCC_DYNAMIC_NO_PIC = NO;
				GCC_NO_COMMON_BLOCKS = YES;
				GCC_OPTIMIZATION_LEVEL = 0;
				GCC_PREPROCESSOR_DEFINITIONS = (
					"DEBUG=1",
					"$(inherited)",
				);
				GCC_SYMBOLS_PRIVATE_EXTERN = NO;
				GCC_WARN_64_TO_32_BIT_CONVERSION = YES;
				GCC_WARN_ABOUT_RETURN_TYPE = YES_ERROR;
				GCC_WARN_UNDECLARED_SELECTOR = YES;
				GCC_WARN_UNINITIALIZED_AUTOS = YES_AGGRESSIVE;
				GCC_WARN_UNUSED_FUNCTION = YES;
				GCC_WARN_UNUSED_VARIABLE = YES;
				IPHONEOS_DEPLOYMENT_TARGET = 8.4;
				MTL_ENABLE_DEBUG_INFO = YES;
				ONLY_ACTIVE_ARCH = YES;
				SDKROOT = iphoneos;
			};
			name = Debug;
		};
		6C4216981B98E310002D4B7A /* Release */ = {
			isa = XCBuildConfiguration;
			buildSettings = {
				ALWAYS_SEARCH_USER_PATHS = NO;
				CLANG_CXX_LANGUAGE_STANDARD = "gnu++0x";
				CLANG_CXX_LIBRARY = "libc++";
				CLANG_ENABLE_MODULES = YES;
				CLANG_ENABLE_OBJC_ARC = YES;
				CLANG_WARN_BOOL_CONVERSION = YES;
				CLANG_WARN_CONSTANT_CONVERSION = YES;
				CLANG_WARN_DIRECT_OBJC_ISA_USAGE = YES_ERROR;
				CLANG_WARN_EMPTY_BODY = YES;
				CLANG_WARN_ENUM_CONVERSION = YES;
				CLANG_WARN_INT_CONVERSION = YES;
				CLANG_WARN_OBJC_ROOT_CLASS = YES_ERROR;
				CLANG_WARN_UNREACHABLE_CODE = YES;
				CLANG_WARN__DUPLICATE_METHOD_MATCH = YES;
				"CODE_SIGN_IDENTITY[sdk=iphoneos*]" = "iPhone Developer";
				COPY_PHASE_STRIP = NO;
				DEBUG_INFORMATION_FORMAT = "dwarf-with-dsym";
				ENABLE_NS_ASSERTIONS = NO;
				ENABLE_STRICT_OBJC_MSGSEND = YES;
				GCC_C_LANGUAGE_STANDARD = gnu99;
				GCC_NO_COMMON_BLOCKS = YES;
				GCC_WARN_64_TO_32_BIT_CONVERSION = YES;
				GCC_WARN_ABOUT_RETURN_TYPE = YES_ERROR;
				GCC_WARN_UNDECLARED_SELECTOR = YES;
				GCC_WARN_UNINITIALIZED_AUTOS = YES_AGGRESSIVE;
				GCC_WARN_UNUSED_FUNCTION = YES;
				GCC_WARN_UNUSED_VARIABLE = YES;
				IPHONEOS_DEPLOYMENT_TARGET = 8.4;
				MTL_ENABLE_DEBUG_INFO = NO;
				SDKROOT = iphoneos;
				VALIDATE_PRODUCT = YES;
			};
			name = Release;
		};
		6C42169A1B98E310002D4B7A /* Debug */ = {
			isa = XCBuildConfiguration;
			buildSettings = {
				ASSETCATALOG_COMPILER_APPICON_NAME = AppIcon;
				GCC_PREFIX_HEADER = "$(SRCROOT)/iOS-Echarts_Demo/iOS-Echarts-PrefixHeader.pch";
				INFOPLIST_FILE = "iOS-Echarts_Demo/Info.plist";
				IPHONEOS_DEPLOYMENT_TARGET = 7.0;
				LD_RUNPATH_SEARCH_PATHS = "$(inherited) @executable_path/Frameworks";
				PRODUCT_NAME = "$(TARGET_NAME)";
			};
			name = Debug;
		};
		6C42169B1B98E310002D4B7A /* Release */ = {
			isa = XCBuildConfiguration;
			buildSettings = {
				ASSETCATALOG_COMPILER_APPICON_NAME = AppIcon;
				GCC_PREFIX_HEADER = "$(SRCROOT)/iOS-Echarts_Demo/iOS-Echarts-PrefixHeader.pch";
				INFOPLIST_FILE = "iOS-Echarts_Demo/Info.plist";
				IPHONEOS_DEPLOYMENT_TARGET = 7.0;
				LD_RUNPATH_SEARCH_PATHS = "$(inherited) @executable_path/Frameworks";
				PRODUCT_NAME = "$(TARGET_NAME)";
			};
			name = Release;
		};
		6C42169D1B98E310002D4B7A /* Debug */ = {
			isa = XCBuildConfiguration;
			buildSettings = {
				BUNDLE_LOADER = "$(TEST_HOST)";
				FRAMEWORK_SEARCH_PATHS = (
					"$(SDKROOT)/Developer/Library/Frameworks",
					"$(inherited)",
				);
				GCC_PREPROCESSOR_DEFINITIONS = (
					"DEBUG=1",
					"$(inherited)",
				);
				INFOPLIST_FILE = "iOS-EchartsTests/Info.plist";
				LD_RUNPATH_SEARCH_PATHS = "$(inherited) @executable_path/Frameworks @loader_path/Frameworks";
				PRODUCT_NAME = "$(TARGET_NAME)";
				TEST_HOST = "$(BUILT_PRODUCTS_DIR)/iOS-Echarts.app/iOS-Echarts";
			};
			name = Debug;
		};
		6C42169E1B98E310002D4B7A /* Release */ = {
			isa = XCBuildConfiguration;
			buildSettings = {
				BUNDLE_LOADER = "$(TEST_HOST)";
				FRAMEWORK_SEARCH_PATHS = (
					"$(SDKROOT)/Developer/Library/Frameworks",
					"$(inherited)",
				);
				INFOPLIST_FILE = "iOS-EchartsTests/Info.plist";
				LD_RUNPATH_SEARCH_PATHS = "$(inherited) @executable_path/Frameworks @loader_path/Frameworks";
				PRODUCT_NAME = "$(TARGET_NAME)";
				TEST_HOST = "$(BUILT_PRODUCTS_DIR)/iOS-Echarts.app/iOS-Echarts";
			};
			name = Release;
		};
/* End XCBuildConfiguration section */

/* Begin XCConfigurationList section */
		6C4216711B98E310002D4B7A /* Build configuration list for PBXProject "iOS-Echarts" */ = {
			isa = XCConfigurationList;
			buildConfigurations = (
				6C4216971B98E310002D4B7A /* Debug */,
				6C4216981B98E310002D4B7A /* Release */,
			);
			defaultConfigurationIsVisible = 0;
			defaultConfigurationName = Release;
		};
		6C4216991B98E310002D4B7A /* Build configuration list for PBXNativeTarget "iOS-Echarts" */ = {
			isa = XCConfigurationList;
			buildConfigurations = (
				6C42169A1B98E310002D4B7A /* Debug */,
				6C42169B1B98E310002D4B7A /* Release */,
			);
			defaultConfigurationIsVisible = 0;
			defaultConfigurationName = Release;
		};
		6C42169C1B98E310002D4B7A /* Build configuration list for PBXNativeTarget "iOS-EchartsTests" */ = {
			isa = XCConfigurationList;
			buildConfigurations = (
				6C42169D1B98E310002D4B7A /* Debug */,
				6C42169E1B98E310002D4B7A /* Release */,
			);
			defaultConfigurationIsVisible = 0;
			defaultConfigurationName = Release;
		};
/* End XCConfigurationList section */
	};
	rootObject = 6C42166E1B98E310002D4B7A /* Project object */;
}
